// !$*UTF8*$!
{
	archiveVersion = 1;
	classes = {
	};
	objectVersion = 46;
	objects = {

/* Begin PBXAggregateTarget section */
		172754BD107597F200D0347B /* Unit Tests */ = {
			isa = PBXAggregateTarget;
			buildConfigurationList = 172754C7107597F400D0347B /* Build configuration list for PBXAggregateTarget "Unit Tests" */;
			buildPhases = (
				172754BC107597F200D0347B /* ShellScript */,
			);
			dependencies = (
			);
			name = "Unit Tests";
			productName = "Unit Tests";
		};
		4D1A51A110A4FF5D0046A98A /* Compile */ = {
			isa = PBXAggregateTarget;
			buildConfigurationList = 4D1A51AB10A4FF6A0046A98A /* Build configuration list for PBXAggregateTarget "Compile" */;
			buildPhases = (
				4D1A51A010A4FF5D0046A98A /* ShellScript */,
			);
			dependencies = (
			);
			name = Compile;
			productName = Compile;
		};
		4D1A51A510A4FF640046A98A /* Embed */ = {
			isa = PBXAggregateTarget;
			buildConfigurationList = 4D1A51AC10A4FF6A0046A98A /* Build configuration list for PBXAggregateTarget "Embed" */;
			buildPhases = (
				4D1A51A410A4FF640046A98A /* ShellScript */,
			);
			dependencies = (
			);
			name = Embed;
			productName = Embed;
		};
/* End PBXAggregateTarget section */

/* Begin PBXBuildFile section */
		4DE339F70D74FCDD00ADB6EE /* rb_main.rb in Resources */ = {isa = PBXBuildFile; fileRef = 4DE339F60D74FCDD00ADB6EE /* rb_main.rb */; };
		4DE3BE140D8651D900ECA448 /* MacRuby.framework in Frameworks */ = {isa = PBXBuildFile; fileRef = 4DE3BE130D8651D900ECA448 /* MacRuby.framework */; };
		8D11072D0486CEB800E47090 /* main.m in Sources */ = {isa = PBXBuildFile; fileRef = 29B97316FDCFA39411CA2CEA /* main.m */; settings = {ATTRIBUTES = (); }; };
		8D11072F0486CEB800E47090 /* Cocoa.framework in Frameworks */ = {isa = PBXBuildFile; fileRef = 1058C7A1FEA54F0111CA2CBB /* Cocoa.framework */; };
		CD0603AC1207940A00E447D5 /* WebKit.framework in Frameworks */ = {isa = PBXBuildFile; fileRef = CD0603AB1207940A00E447D5 /* WebKit.framework */; };
		CD0A2E5C123140FA00A67BFB /* Fight Club.epub in Resources */ = {isa = PBXBuildFile; fileRef = CD0A2E59123140FA00A67BFB /* Fight Club.epub */; };
		CD0A2E5D123140FA00A67BFB /* HTML & CSS_ The Good Parts.epub in Resources */ = {isa = PBXBuildFile; fileRef = CD0A2E5A123140FA00A67BFB /* HTML & CSS_ The Good Parts.epub */; };
		CD102B87149590A500EE8650 /* issues-hide-icon.png in Resources */ = {isa = PBXBuildFile; fileRef = CD102B86149590A500EE8650 /* issues-hide-icon.png */; };
		CD102B89149592D100EE8650 /* issues-show-icon.png in Resources */ = {isa = PBXBuildFile; fileRef = CD102B88149592D100EE8650 /* issues-show-icon.png */; };
		CD145F7F14A2A9B600DD607C /* SelectionView.xib in Resources */ = {isa = PBXBuildFile; fileRef = CD145F7B14A2A9B600DD607C /* SelectionView.xib */; };
		CD145F8014A2A9B600DD607C /* TabbedView.xib in Resources */ = {isa = PBXBuildFile; fileRef = CD145F7D14A2A9B600DD607C /* TabbedView.xib */; };
		CD17D85814AEC956004080CE /* Validate.png in Resources */ = {isa = PBXBuildFile; fileRef = CD17D85714AEC956004080CE /* Validate.png */; };
		CD1F3F5914AD84AC00FE986A /* Inspector.png in Resources */ = {isa = PBXBuildFile; fileRef = CD1F3F5814AD84AC00FE986A /* Inspector.png */; };
		CD2206681493D04D00AB589F /* background-logo.png in Resources */ = {isa = PBXBuildFile; fileRef = CD2206671493D04D00AB589F /* background-logo.png */; };
		CD2D180D12E5F1F800D6A99A /* Alert.rb in Resources */ = {isa = PBXBuildFile; fileRef = CD2D17D812E5F1F800D6A99A /* Alert.rb */; };
		CD2D181012E5F1F800D6A99A /* Book.rb in Resources */ = {isa = PBXBuildFile; fileRef = CD2D17DB12E5F1F800D6A99A /* Book.rb */; };
		CD2D181112E5F1F800D6A99A /* BookWindowController.rb in Resources */ = {isa = PBXBuildFile; fileRef = CD2D17DC12E5F1F800D6A99A /* BookWindowController.rb */; };
		CD2D181212E5F1F800D6A99A /* Bundle.rb in Resources */ = {isa = PBXBuildFile; fileRef = CD2D17DD12E5F1F800D6A99A /* Bundle.rb */; };
		CD2D181312E5F1F800D6A99A /* Container.rb in Resources */ = {isa = PBXBuildFile; fileRef = CD2D17DE12E5F1F800D6A99A /* Container.rb */; };
		CD2D181412E5F1F800D6A99A /* CSS.treetop in Resources */ = {isa = PBXBuildFile; fileRef = CD2D17DF12E5F1F800D6A99A /* CSS.treetop */; };
		CD2D181512E5F1F800D6A99A /* CSSParser.rb in Resources */ = {isa = PBXBuildFile; fileRef = CD2D17E012E5F1F800D6A99A /* CSSParser.rb */; };
		CD2D181612E5F1F800D6A99A /* GotoLineController.rb in Resources */ = {isa = PBXBuildFile; fileRef = CD2D17E112E5F1F800D6A99A /* GotoLineController.rb */; };
		CD2D181712E5F1F800D6A99A /* Guide.rb in Resources */ = {isa = PBXBuildFile; fileRef = CD2D17E212E5F1F800D6A99A /* Guide.rb */; };
		CD2D181812E5F1F800D6A99A /* HeaderView.rb in Resources */ = {isa = PBXBuildFile; fileRef = CD2D17E312E5F1F800D6A99A /* HeaderView.rb */; };
		CD2D181912E5F1F800D6A99A /* Highlighter.rb in Resources */ = {isa = PBXBuildFile; fileRef = CD2D17E412E5F1F800D6A99A /* Highlighter.rb */; };
		CD2D181C12E5F1F800D6A99A /* ImageCell.rb in Resources */ = {isa = PBXBuildFile; fileRef = CD2D17E712E5F1F800D6A99A /* ImageCell.rb */; };
		CD2D181D12E5F1F800D6A99A /* ImageWell.rb in Resources */ = {isa = PBXBuildFile; fileRef = CD2D17E812E5F1F800D6A99A /* ImageWell.rb */; };
		CD2D181E12E5F1F800D6A99A /* Item.rb in Resources */ = {isa = PBXBuildFile; fileRef = CD2D17E912E5F1F800D6A99A /* Item.rb */; };
		CD2D182012E5F1F800D6A99A /* Language.rb in Resources */ = {isa = PBXBuildFile; fileRef = CD2D17EB12E5F1F800D6A99A /* Language.rb */; };
		CD2D182212E5F1F800D6A99A /* LineNumberRuler.rb in Resources */ = {isa = PBXBuildFile; fileRef = CD2D17ED12E5F1F800D6A99A /* LineNumberRuler.rb */; };
		CD2D182312E5F1F800D6A99A /* Manifest.rb in Resources */ = {isa = PBXBuildFile; fileRef = CD2D17EE12E5F1F800D6A99A /* Manifest.rb */; };
		CD2D182412E5F1F800D6A99A /* ManifestController.rb in Resources */ = {isa = PBXBuildFile; fileRef = CD2D17EF12E5F1F800D6A99A /* ManifestController.rb */; };
		CD2D182512E5F1F800D6A99A /* Match.rb in Resources */ = {isa = PBXBuildFile; fileRef = CD2D17F012E5F1F800D6A99A /* Match.rb */; };
		CD2D182612E5F1F800D6A99A /* Media.rb in Resources */ = {isa = PBXBuildFile; fileRef = CD2D17F112E5F1F800D6A99A /* Media.rb */; };
		CD2D182712E5F1F800D6A99A /* Metadata.rb in Resources */ = {isa = PBXBuildFile; fileRef = CD2D17F212E5F1F800D6A99A /* Metadata.rb */; };
		CD2D182812E5F1F800D6A99A /* MetadataController.rb in Resources */ = {isa = PBXBuildFile; fileRef = CD2D17F312E5F1F800D6A99A /* MetadataController.rb */; };
		CD2D182912E5F1F800D6A99A /* Navigation.rb in Resources */ = {isa = PBXBuildFile; fileRef = CD2D17F412E5F1F800D6A99A /* Navigation.rb */; };
		CD2D182A12E5F1F800D6A99A /* NavigationController.rb in Resources */ = {isa = PBXBuildFile; fileRef = CD2D17F512E5F1F800D6A99A /* NavigationController.rb */; };
		CD2D182B12E5F1F800D6A99A /* NilClass.rb in Resources */ = {isa = PBXBuildFile; fileRef = CD2D17F612E5F1F800D6A99A /* NilClass.rb */; };
		CD2D182C12E5F1F800D6A99A /* NSIndexSet.rb in Resources */ = {isa = PBXBuildFile; fileRef = CD2D17F712E5F1F800D6A99A /* NSIndexSet.rb */; };
		CD2D182D12E5F1F800D6A99A /* NSMenu.rb in Resources */ = {isa = PBXBuildFile; fileRef = CD2D17F812E5F1F800D6A99A /* NSMenu.rb */; };
		CD2D182E12E5F1F800D6A99A /* NSOutlineView.rb in Resources */ = {isa = PBXBuildFile; fileRef = CD2D17F912E5F1F800D6A99A /* NSOutlineView.rb */; };
		CD2D182F12E5F1F800D6A99A /* NSTableView.rb in Resources */ = {isa = PBXBuildFile; fileRef = CD2D17FA12E5F1F800D6A99A /* NSTableView.rb */; };
		CD2D183012E5F1F800D6A99A /* NSURL.rb in Resources */ = {isa = PBXBuildFile; fileRef = CD2D17FB12E5F1F800D6A99A /* NSURL.rb */; };
		CD2D183112E5F1F800D6A99A /* ParseException.rb in Resources */ = {isa = PBXBuildFile; fileRef = CD2D17FC12E5F1F800D6A99A /* ParseException.rb */; };
		CD2D183212E5F1F800D6A99A /* Point.rb in Resources */ = {isa = PBXBuildFile; fileRef = CD2D17FD12E5F1F800D6A99A /* Point.rb */; };
		CD2D183312E5F1F800D6A99A /* ProgressController.rb in Resources */ = {isa = PBXBuildFile; fileRef = CD2D17FE12E5F1F800D6A99A /* ProgressController.rb */; };
		CD2D183412E5F1F800D6A99A /* Search.rb in Resources */ = {isa = PBXBuildFile; fileRef = CD2D17FF12E5F1F800D6A99A /* Search.rb */; };
		CD2D183512E5F1F800D6A99A /* SearchController.rb in Resources */ = {isa = PBXBuildFile; fileRef = CD2D180012E5F1F800D6A99A /* SearchController.rb */; };
		CD2D183612E5F1F800D6A99A /* SelectionViewController.rb in Resources */ = {isa = PBXBuildFile; fileRef = CD2D180112E5F1F800D6A99A /* SelectionViewController.rb */; };
		CD2D183712E5F1F800D6A99A /* Spine.rb in Resources */ = {isa = PBXBuildFile; fileRef = CD2D180212E5F1F800D6A99A /* Spine.rb */; };
		CD2D183812E5F1F800D6A99A /* SpineController.rb in Resources */ = {isa = PBXBuildFile; fileRef = CD2D180312E5F1F800D6A99A /* SpineController.rb */; };
		CD2D183912E5F1F800D6A99A /* String.rb in Resources */ = {isa = PBXBuildFile; fileRef = CD2D180412E5F1F800D6A99A /* String.rb */; };
		CD2D183A12E5F1F800D6A99A /* TabCell.rb in Resources */ = {isa = PBXBuildFile; fileRef = CD2D180512E5F1F800D6A99A /* TabCell.rb */; };
		CD2D183B12E5F1F800D6A99A /* TabView.rb in Resources */ = {isa = PBXBuildFile; fileRef = CD2D180612E5F1F800D6A99A /* TabView.rb */; };
		CD2D183F12E5F1F800D6A99A /* UUID.rb in Resources */ = {isa = PBXBuildFile; fileRef = CD2D180A12E5F1F800D6A99A /* UUID.rb */; };
		CD2D184112E5F1F800D6A99A /* WebViewController.rb in Resources */ = {isa = PBXBuildFile; fileRef = CD2D180C12E5F1F800D6A99A /* WebViewController.rb */; };
		CD2D184412E5F23400D6A99A /* NSURL_test.rb in Resources */ = {isa = PBXBuildFile; fileRef = CD2D184312E5F23400D6A99A /* NSURL_test.rb */; };
		CD2D187312E5F28500D6A99A /* book.png in Resources */ = {isa = PBXBuildFile; fileRef = CD2D185612E5F28500D6A99A /* book.png */; };
		CD2D187412E5F28500D6A99A /* find-close-click.png in Resources */ = {isa = PBXBuildFile; fileRef = CD2D185712E5F28500D6A99A /* find-close-click.png */; };
		CD2D187512E5F28500D6A99A /* find-close-rollover.png in Resources */ = {isa = PBXBuildFile; fileRef = CD2D185812E5F28500D6A99A /* find-close-rollover.png */; };
		CD2D187612E5F28500D6A99A /* find-close.png in Resources */ = {isa = PBXBuildFile; fileRef = CD2D185912E5F28500D6A99A /* find-close.png */; };
		CD2D187712E5F28500D6A99A /* folder.png in Resources */ = {isa = PBXBuildFile; fileRef = CD2D185A12E5F28500D6A99A /* folder.png */; };
		CD2D187812E5F28500D6A99A /* horizontal.png in Resources */ = {isa = PBXBuildFile; fileRef = CD2D185B12E5F28500D6A99A /* horizontal.png */; };
		CD2D187A12E5F28500D6A99A /* Metadata.tiff in Resources */ = {isa = PBXBuildFile; fileRef = CD2D185D12E5F28500D6A99A /* Metadata.tiff */; };
		CD2D187C12E5F28500D6A99A /* no-cover.png in Resources */ = {isa = PBXBuildFile; fileRef = CD2D185F12E5F28500D6A99A /* no-cover.png */; };
		CD2D187F12E5F28500D6A99A /* Reformat.tiff in Resources */ = {isa = PBXBuildFile; fileRef = CD2D186212E5F28500D6A99A /* Reformat.tiff */; };
		CD2D188012E5F28500D6A99A /* source.png in Resources */ = {isa = PBXBuildFile; fileRef = CD2D186312E5F28500D6A99A /* source.png */; };
		CD2D188212E5F28500D6A99A /* tab-bg.png in Resources */ = {isa = PBXBuildFile; fileRef = CD2D186512E5F28500D6A99A /* tab-bg.png */; };
		CD2D188312E5F28500D6A99A /* tab-close-pressed.png in Resources */ = {isa = PBXBuildFile; fileRef = CD2D186612E5F28500D6A99A /* tab-close-pressed.png */; };
		CD2D188412E5F28500D6A99A /* tab-close.png in Resources */ = {isa = PBXBuildFile; fileRef = CD2D186712E5F28500D6A99A /* tab-close.png */; };
		CD2D188512E5F28500D6A99A /* tab-edited-close.png in Resources */ = {isa = PBXBuildFile; fileRef = CD2D186812E5F28500D6A99A /* tab-edited-close.png */; };
		CD2D188612E5F28500D6A99A /* tab-edited-pressed.png in Resources */ = {isa = PBXBuildFile; fileRef = CD2D186912E5F28500D6A99A /* tab-edited-pressed.png */; };
		CD2D188712E5F28500D6A99A /* tab-selected-bg.png in Resources */ = {isa = PBXBuildFile; fileRef = CD2D186A12E5F28500D6A99A /* tab-selected-bg.png */; };
		CD2D188812E5F28500D6A99A /* table-header-bg.png in Resources */ = {isa = PBXBuildFile; fileRef = CD2D186B12E5F28500D6A99A /* table-header-bg.png */; };
		CD2D188912E5F28500D6A99A /* table-header-bg1.png in Resources */ = {isa = PBXBuildFile; fileRef = CD2D186C12E5F28500D6A99A /* table-header-bg1.png */; };
		CD2D188B12E5F28500D6A99A /* vertical.png in Resources */ = {isa = PBXBuildFile; fileRef = CD2D186E12E5F28500D6A99A /* vertical.png */; };
		CD2D189512E5F2BF00D6A99A /* container.xml.erb in Resources */ = {isa = PBXBuildFile; fileRef = CD2D189212E5F2BF00D6A99A /* container.xml.erb */; };
		CD2D189612E5F2BF00D6A99A /* content.opf.erb in Resources */ = {isa = PBXBuildFile; fileRef = CD2D189312E5F2BF00D6A99A /* content.opf.erb */; };
		CD2D189712E5F2BF00D6A99A /* toc.ncx.erb in Resources */ = {isa = PBXBuildFile; fileRef = CD2D189412E5F2BF00D6A99A /* toc.ncx.erb */; };
		CD2D18A512E5F46600D6A99A /* Folio.icns in Resources */ = {isa = PBXBuildFile; fileRef = CD2D18A412E5F46600D6A99A /* Folio.icns */; };
		CD3179D812EA7AE800C98B33 /* Book.xib in Resources */ = {isa = PBXBuildFile; fileRef = CD3179BC12EA7AE800C98B33 /* Book.xib */; };
		CD3179D912EA7AE800C98B33 /* GotoLine.xib in Resources */ = {isa = PBXBuildFile; fileRef = CD3179BE12EA7AE800C98B33 /* GotoLine.xib */; };
		CD3179DA12EA7AE800C98B33 /* InfoPlist.strings in Resources */ = {isa = PBXBuildFile; fileRef = CD3179C012EA7AE800C98B33 /* InfoPlist.strings */; };
		CD3179DB12EA7AE800C98B33 /* MainMenu.xib in Resources */ = {isa = PBXBuildFile; fileRef = CD3179C212EA7AE800C98B33 /* MainMenu.xib */; };
		CD3179DD12EA7AE800C98B33 /* Metadata.xib in Resources */ = {isa = PBXBuildFile; fileRef = CD3179C612EA7AE800C98B33 /* Metadata.xib */; };
		CD3179DF12EA7AE800C98B33 /* Preferences.xib in Resources */ = {isa = PBXBuildFile; fileRef = CD3179CA12EA7AE800C98B33 /* Preferences.xib */; };
		CD3179E012EA7AE800C98B33 /* Progress.xib in Resources */ = {isa = PBXBuildFile; fileRef = CD3179CC12EA7AE800C98B33 /* Progress.xib */; };
		CD3179E112EA7AE800C98B33 /* Search.xib in Resources */ = {isa = PBXBuildFile; fileRef = CD3179CE12EA7AE800C98B33 /* Search.xib */; };
		CD3179E212EA7AE800C98B33 /* SourceView.xib in Resources */ = {isa = PBXBuildFile; fileRef = CD3179D012EA7AE800C98B33 /* SourceView.xib */; };
		CD3179E512EA7AE800C98B33 /* WebView.xib in Resources */ = {isa = PBXBuildFile; fileRef = CD3179D612EA7AE800C98B33 /* WebView.xib */; };
		CD3A3E0312F21F0500449BFC /* PrintController.rb in Resources */ = {isa = PBXBuildFile; fileRef = CD3A3E0212F21F0500449BFC /* PrintController.rb */; };
		CD547D23149C1ED500242DAC /* tab-hover-bg.png in Resources */ = {isa = PBXBuildFile; fileRef = CD547D22149C1ED500242DAC /* tab-hover-bg.png */; };
		CD57035112C28E9C0024EAA4 /* lib in Resources */ = {isa = PBXBuildFile; fileRef = CD57034812C28E9C0024EAA4 /* lib */; };
		CD5E2B1E14956C0F0036E219 /* inspector-show-icon.png in Resources */ = {isa = PBXBuildFile; fileRef = CD5E2B1D14956C0F0036E219 /* inspector-show-icon.png */; };
		CD5E2B2014956DB70036E219 /* inspector-hide-icon.png in Resources */ = {isa = PBXBuildFile; fileRef = CD5E2B1F14956DB70036E219 /* inspector-hide-icon.png */; };
		CD67130014928E36000B8BBB /* bubble-background-left.png in Resources */ = {isa = PBXBuildFile; fileRef = CD6712FE14928E36000B8BBB /* bubble-background-left.png */; };
		CD67130114928E36000B8BBB /* bubble-background-right.png in Resources */ = {isa = PBXBuildFile; fileRef = CD6712FF14928E36000B8BBB /* bubble-background-right.png */; };
		CD6713031492952D000B8BBB /* bubble-background-middle.png in Resources */ = {isa = PBXBuildFile; fileRef = CD6713021492952D000B8BBB /* bubble-background-middle.png */; };
		CD6C9CAE12F382DA0056D86B /* check.png in Resources */ = {isa = PBXBuildFile; fileRef = CD6C9CAC12F382DA0056D86B /* check.png */; };
		CD6C9CAF12F382DA0056D86B /* wrench.png in Resources */ = {isa = PBXBuildFile; fileRef = CD6C9CAD12F382DA0056D86B /* wrench.png */; };
		CD72EFE814AD1FDC0000B398 /* yield.png in Resources */ = {isa = PBXBuildFile; fileRef = CD72EFE714AD1FDC0000B398 /* yield.png */; };
		CD85C8F812EB3E2F009E33A3 /* IssueViewController.rb in Resources */ = {isa = PBXBuildFile; fileRef = CD85C8F712EB3E2F009E33A3 /* IssueViewController.rb */; };
		CD85C8FB12EB3EAF009E33A3 /* IssueView.xib in Resources */ = {isa = PBXBuildFile; fileRef = CD85C8F912EB3EAF009E33A3 /* IssueView.xib */; };
		CD8F5F4B12EB75A00036B0D7 /* Validation.xib in Resources */ = {isa = PBXBuildFile; fileRef = CD8F5F4912EB75A00036B0D7 /* Validation.xib */; };
		CD8F5F5012EB77580036B0D7 /* ValidationController.rb in Resources */ = {isa = PBXBuildFile; fileRef = CD8F5F4F12EB77580036B0D7 /* ValidationController.rb */; };
		CD9727E312E79CB4006398DB /* AsyncCommand.rb in Resources */ = {isa = PBXBuildFile; fileRef = CD9727E212E79CB4006398DB /* AsyncCommand.rb */; };
		CD9727E512E79CBA006398DB /* ApplicationController.rb in Resources */ = {isa = PBXBuildFile; fileRef = CD9727E412E79CBA006398DB /* ApplicationController.rb */; };
		CD9C72A31499BF2F0079EA4E /* SourceViewController.rb in Resources */ = {isa = PBXBuildFile; fileRef = CD9C72A21499BF2F0079EA4E /* SourceViewController.rb */; };
		CDAD2B7E12F9CCC00055A8D8 /* Issue.rb in Resources */ = {isa = PBXBuildFile; fileRef = CDAD2B7D12F9CCC00055A8D8 /* Issue.rb */; };
		CDAECE0614AA1E8D00CF8274 /* Image.rb in Resources */ = {isa = PBXBuildFile; fileRef = CDAECE0514AA1E8D00CF8274 /* Image.rb */; };
		CDB5422D12F32CE800BB5739 /* PointViewController.rb in Resources */ = {isa = PBXBuildFile; fileRef = CDB5422C12F32CE800BB5739 /* PointViewController.rb */; };
		CDB5423112F32E9E00BB5739 /* PointView.xib in Resources */ = {isa = PBXBuildFile; fileRef = CDB5422F12F32E9E00BB5739 /* PointView.xib */; };
		CDB5428312F33CE100BB5739 /* ItemRefView.xib in Resources */ = {isa = PBXBuildFile; fileRef = CDB5428112F33CE100BB5739 /* ItemRefView.xib */; };
		CDB5428612F33CF600BB5739 /* ItemRefViewController.rb in Resources */ = {isa = PBXBuildFile; fileRef = CDB5428512F33CF600BB5739 /* ItemRefViewController.rb */; };
		CDB5428812F33D2000BB5739 /* ItemViewController.rb in Resources */ = {isa = PBXBuildFile; fileRef = CDB5428712F33D2000BB5739 /* ItemViewController.rb */; };
		CDB5428D12F33D2E00BB5739 /* ItemView.xib in Resources */ = {isa = PBXBuildFile; fileRef = CDB5428B12F33D2E00BB5739 /* ItemView.xib */; };
		CDB542C512F3638100BB5739 /* empty-inspector.png in Resources */ = {isa = PBXBuildFile; fileRef = CDB542C412F3638100BB5739 /* empty-inspector.png */; };
		CDB6DED71492A0EF00E83456 /* HoverMessageView.rb in Resources */ = {isa = PBXBuildFile; fileRef = CDB6DED51492A0EF00E83456 /* HoverMessageView.rb */; };
		CDB6DED81492A0EF00E83456 /* HoverWindow.rb in Resources */ = {isa = PBXBuildFile; fileRef = CDB6DED61492A0EF00E83456 /* HoverWindow.rb */; };
		CDB780D6149964070025702F /* TabbedViewController.rb in Resources */ = {isa = PBXBuildFile; fileRef = CDB780D5149964060025702F /* TabbedViewController.rb */; };
		CDBE27CA12E5544800D4DDC6 /* The Fall of the Roman Empire.epub in Resources */ = {isa = PBXBuildFile; fileRef = CDBE27C912E5544800D4DDC6 /* The Fall of the Roman Empire.epub */; };
		CDD7AFF712EF675700352D4B /* manifest.png in Resources */ = {isa = PBXBuildFile; fileRef = CDD7AFF612EF675700352D4B /* manifest.png */; };
		CDD7AFFB12EF6D5F00352D4B /* toc.png in Resources */ = {isa = PBXBuildFile; fileRef = CDD7AFFA12EF6D5F00352D4B /* toc.png */; };
		CDD7B02F12EF79D800352D4B /* ItemRef.rb in Resources */ = {isa = PBXBuildFile; fileRef = CDD7B02E12EF79D800352D4B /* ItemRef.rb */; };
		CDDBEC8412E6116600633F22 /* PreferencesController.rb in Resources */ = {isa = PBXBuildFile; fileRef = CDDBEC8312E6116600633F22 /* PreferencesController.rb */; };
		CDDBEC9712E611F800633F22 /* preferences-general.tiff in Resources */ = {isa = PBXBuildFile; fileRef = CDDBEC9612E611F800633F22 /* preferences-general.tiff */; };
		CDDCAD8012EC7E63003A0B07 /* no-issues.png in Resources */ = {isa = PBXBuildFile; fileRef = CDDCAD7F12EC7E63003A0B07 /* no-issues.png */; };
		CDDF2453140D57DF00D2898B /* Blank.rb in Resources */ = {isa = PBXBuildFile; fileRef = CDDF2452140D57DF00D2898B /* Blank.rb */; };
		CDE105F612DFA58000E1518B /* QuartzCore.framework in Frameworks */ = {isa = PBXBuildFile; fileRef = CDE105F512DFA58000E1518B /* QuartzCore.framework */; };
		CDE2C37114AC07FC00EFE5F5 /* blank.xhtml in Resources */ = {isa = PBXBuildFile; fileRef = CDE2C37014AC07FC00EFE5F5 /* blank.xhtml */; };
		CDE4491312305CAD001C69AE /* book_test.rb in Resources */ = {isa = PBXBuildFile; fileRef = CDE4491112305CAD001C69AE /* book_test.rb */; };
		CDE4491412305CAD001C69AE /* run_suite.rb in Resources */ = {isa = PBXBuildFile; fileRef = CDE4491212305CAD001C69AE /* run_suite.rb */; };
		CDEBCAC812F0A88100E8834D /* spine.png in Resources */ = {isa = PBXBuildFile; fileRef = CDEBCAC412F0A88100E8834D /* spine.png */; };
		CDEBCB0612F0B27C00E8834D /* Metadatum.rb in Resources */ = {isa = PBXBuildFile; fileRef = CDEBCB0512F0B27C00E8834D /* Metadatum.rb */; };
		CDEBCB0812F0B28600E8834D /* InspectorViewController.rb in Resources */ = {isa = PBXBuildFile; fileRef = CDEBCB0712F0B28600E8834D /* InspectorViewController.rb */; };
		CDEBCB1312F0B40700E8834D /* InspectorView.xib in Resources */ = {isa = PBXBuildFile; fileRef = CDEBCB1112F0B40700E8834D /* InspectorView.xib */; };
		CDEBCB8512F0CBDA00E8834D /* inspector-border.png in Resources */ = {isa = PBXBuildFile; fileRef = CDEBCB8412F0CBDA00E8834D /* inspector-border.png */; };
		CDEBCBEE12F0E7CB00E8834D /* preview.png in Resources */ = {isa = PBXBuildFile; fileRef = CDEBCBED12F0E7CB00E8834D /* preview.png */; };
		CDEBCBF012F0E7D600E8834D /* yield-circle.png in Resources */ = {isa = PBXBuildFile; fileRef = CDEBCBEF12F0E7D600E8834D /* yield-circle.png */; };
		CDF7071614AA68CA004F76EF /* PointPanel.xib in Resources */ = {isa = PBXBuildFile; fileRef = CDF7071514AA68CA004F76EF /* PointPanel.xib */; };
		CDF7071914AA68FA004F76EF /* PointPanelController.rb in Resources */ = {isa = PBXBuildFile; fileRef = CDF7071814AA68FA004F76EF /* PointPanelController.rb */; };
		CDFA75D3120909AA00830BCE /* CoreAudio.framework in Frameworks */ = {isa = PBXBuildFile; fileRef = CDFA75D2120909AA00830BCE /* CoreAudio.framework */; };
/* End PBXBuildFile section */

/* Begin PBXCopyFilesBuildPhase section */
		172754B4107597CF00D0347B /* CopyFiles */ = {
			isa = PBXCopyFilesBuildPhase;
			buildActionMask = 2147483647;
			dstPath = "";
			dstSubfolderSpec = 10;
			files = (
			);
			runOnlyForDeploymentPostprocessing = 0;
		};
/* End PBXCopyFilesBuildPhase section */

/* Begin PBXFileReference section */
		1058C7A1FEA54F0111CA2CBB /* Cocoa.framework */ = {isa = PBXFileReference; lastKnownFileType = wrapper.framework; name = Cocoa.framework; path = /System/Library/Frameworks/Cocoa.framework; sourceTree = "<absolute>"; };
		13E42FB307B3F0F600E4EEF1 /* CoreData.framework */ = {isa = PBXFileReference; lastKnownFileType = wrapper.framework; name = CoreData.framework; path = /System/Library/Frameworks/CoreData.framework; sourceTree = "<absolute>"; };
		29B97316FDCFA39411CA2CEA /* main.m */ = {isa = PBXFileReference; fileEncoding = 4; lastKnownFileType = sourcecode.c.objc; path = main.m; sourceTree = "<group>"; };
		29B97324FDCFA39411CA2CEA /* AppKit.framework */ = {isa = PBXFileReference; lastKnownFileType = wrapper.framework; name = AppKit.framework; path = /System/Library/Frameworks/AppKit.framework; sourceTree = "<absolute>"; };
		29B97325FDCFA39411CA2CEA /* Foundation.framework */ = {isa = PBXFileReference; lastKnownFileType = wrapper.framework; name = Foundation.framework; path = /System/Library/Frameworks/Foundation.framework; sourceTree = "<absolute>"; };
		4DE339F60D74FCDD00ADB6EE /* rb_main.rb */ = {isa = PBXFileReference; fileEncoding = 4; lastKnownFileType = text.script.ruby; path = rb_main.rb; sourceTree = "<group>"; };
		4DE3BE130D8651D900ECA448 /* MacRuby.framework */ = {isa = PBXFileReference; lastKnownFileType = wrapper.framework; name = MacRuby.framework; path = /Library/Frameworks/MacRuby.framework; sourceTree = "<absolute>"; };
		8D1107310486CEB800E47090 /* Info.plist */ = {isa = PBXFileReference; fileEncoding = 4; lastKnownFileType = text.plist.xml; path = Info.plist; sourceTree = "<group>"; };
		8D1107320486CEB800E47090 /* Folio.app */ = {isa = PBXFileReference; explicitFileType = wrapper.application; includeInIndex = 0; path = Folio.app; sourceTree = BUILT_PRODUCTS_DIR; };
		CD0603AB1207940A00E447D5 /* WebKit.framework */ = {isa = PBXFileReference; lastKnownFileType = wrapper.framework; name = WebKit.framework; path = System/Library/Frameworks/WebKit.framework; sourceTree = SDKROOT; };
		CD0A2E59123140FA00A67BFB /* Fight Club.epub */ = {isa = PBXFileReference; lastKnownFileType = file; path = "Fight Club.epub"; sourceTree = "<group>"; };
		CD0A2E5A123140FA00A67BFB /* HTML & CSS_ The Good Parts.epub */ = {isa = PBXFileReference; lastKnownFileType = file; path = "HTML & CSS_ The Good Parts.epub"; sourceTree = "<group>"; };
		CD102B86149590A500EE8650 /* issues-hide-icon.png */ = {isa = PBXFileReference; lastKnownFileType = image.png; path = "issues-hide-icon.png"; sourceTree = "<group>"; };
		CD102B88149592D100EE8650 /* issues-show-icon.png */ = {isa = PBXFileReference; lastKnownFileType = image.png; path = "issues-show-icon.png"; sourceTree = "<group>"; };
		CD145F7C14A2A9B600DD607C /* English */ = {isa = PBXFileReference; lastKnownFileType = file.xib; name = English; path = English.lproj/SelectionView.xib; sourceTree = "<group>"; };
		CD145F7E14A2A9B600DD607C /* English */ = {isa = PBXFileReference; lastKnownFileType = file.xib; name = English; path = English.lproj/TabbedView.xib; sourceTree = "<group>"; };
		CD17D85714AEC956004080CE /* Validate.png */ = {isa = PBXFileReference; lastKnownFileType = image.png; path = Validate.png; sourceTree = "<group>"; };
		CD1F3F5814AD84AC00FE986A /* Inspector.png */ = {isa = PBXFileReference; lastKnownFileType = image.png; path = Inspector.png; sourceTree = "<group>"; };
		CD2206671493D04D00AB589F /* background-logo.png */ = {isa = PBXFileReference; lastKnownFileType = image.png; path = "background-logo.png"; sourceTree = "<group>"; };
		CD2D17D812E5F1F800D6A99A /* Alert.rb */ = {isa = PBXFileReference; fileEncoding = 4; lastKnownFileType = text.script.ruby; path = Alert.rb; sourceTree = "<group>"; };
		CD2D17DB12E5F1F800D6A99A /* Book.rb */ = {isa = PBXFileReference; fileEncoding = 4; lastKnownFileType = text.script.ruby; path = Book.rb; sourceTree = "<group>"; };
		CD2D17DC12E5F1F800D6A99A /* BookWindowController.rb */ = {isa = PBXFileReference; fileEncoding = 4; lastKnownFileType = text.script.ruby; path = BookWindowController.rb; sourceTree = "<group>"; };
		CD2D17DD12E5F1F800D6A99A /* Bundle.rb */ = {isa = PBXFileReference; fileEncoding = 4; lastKnownFileType = text.script.ruby; path = Bundle.rb; sourceTree = "<group>"; };
		CD2D17DE12E5F1F800D6A99A /* Container.rb */ = {isa = PBXFileReference; fileEncoding = 4; lastKnownFileType = text.script.ruby; path = Container.rb; sourceTree = "<group>"; };
		CD2D17DF12E5F1F800D6A99A /* CSS.treetop */ = {isa = PBXFileReference; fileEncoding = 4; lastKnownFileType = text; path = CSS.treetop; sourceTree = "<group>"; };
		CD2D17E012E5F1F800D6A99A /* CSSParser.rb */ = {isa = PBXFileReference; fileEncoding = 4; lastKnownFileType = text.script.ruby; path = CSSParser.rb; sourceTree = "<group>"; };
		CD2D17E112E5F1F800D6A99A /* GotoLineController.rb */ = {isa = PBXFileReference; fileEncoding = 4; lastKnownFileType = text.script.ruby; path = GotoLineController.rb; sourceTree = "<group>"; };
		CD2D17E212E5F1F800D6A99A /* Guide.rb */ = {isa = PBXFileReference; fileEncoding = 4; lastKnownFileType = text.script.ruby; path = Guide.rb; sourceTree = "<group>"; };
		CD2D17E312E5F1F800D6A99A /* HeaderView.rb */ = {isa = PBXFileReference; fileEncoding = 4; lastKnownFileType = text.script.ruby; path = HeaderView.rb; sourceTree = "<group>"; };
		CD2D17E412E5F1F800D6A99A /* Highlighter.rb */ = {isa = PBXFileReference; fileEncoding = 4; lastKnownFileType = text.script.ruby; path = Highlighter.rb; sourceTree = "<group>"; };
		CD2D17E712E5F1F800D6A99A /* ImageCell.rb */ = {isa = PBXFileReference; fileEncoding = 4; lastKnownFileType = text.script.ruby; path = ImageCell.rb; sourceTree = "<group>"; };
		CD2D17E812E5F1F800D6A99A /* ImageWell.rb */ = {isa = PBXFileReference; fileEncoding = 4; lastKnownFileType = text.script.ruby; path = ImageWell.rb; sourceTree = "<group>"; };
		CD2D17E912E5F1F800D6A99A /* Item.rb */ = {isa = PBXFileReference; fileEncoding = 4; lastKnownFileType = text.script.ruby; path = Item.rb; sourceTree = "<group>"; };
		CD2D17EB12E5F1F800D6A99A /* Language.rb */ = {isa = PBXFileReference; fileEncoding = 4; lastKnownFileType = text.script.ruby; path = Language.rb; sourceTree = "<group>"; };
		CD2D17ED12E5F1F800D6A99A /* LineNumberRuler.rb */ = {isa = PBXFileReference; fileEncoding = 4; lastKnownFileType = text.script.ruby; path = LineNumberRuler.rb; sourceTree = "<group>"; };
		CD2D17EE12E5F1F800D6A99A /* Manifest.rb */ = {isa = PBXFileReference; fileEncoding = 4; lastKnownFileType = text.script.ruby; path = Manifest.rb; sourceTree = "<group>"; };
		CD2D17EF12E5F1F800D6A99A /* ManifestController.rb */ = {isa = PBXFileReference; fileEncoding = 4; lastKnownFileType = text.script.ruby; path = ManifestController.rb; sourceTree = "<group>"; };
		CD2D17F012E5F1F800D6A99A /* Match.rb */ = {isa = PBXFileReference; fileEncoding = 4; lastKnownFileType = text.script.ruby; path = Match.rb; sourceTree = "<group>"; };
		CD2D17F112E5F1F800D6A99A /* Media.rb */ = {isa = PBXFileReference; fileEncoding = 4; lastKnownFileType = text.script.ruby; path = Media.rb; sourceTree = "<group>"; };
		CD2D17F212E5F1F800D6A99A /* Metadata.rb */ = {isa = PBXFileReference; fileEncoding = 4; lastKnownFileType = text.script.ruby; path = Metadata.rb; sourceTree = "<group>"; };
		CD2D17F312E5F1F800D6A99A /* MetadataController.rb */ = {isa = PBXFileReference; fileEncoding = 4; lastKnownFileType = text.script.ruby; path = MetadataController.rb; sourceTree = "<group>"; };
		CD2D17F412E5F1F800D6A99A /* Navigation.rb */ = {isa = PBXFileReference; fileEncoding = 4; lastKnownFileType = text.script.ruby; path = Navigation.rb; sourceTree = "<group>"; };
		CD2D17F512E5F1F800D6A99A /* NavigationController.rb */ = {isa = PBXFileReference; fileEncoding = 4; lastKnownFileType = text.script.ruby; path = NavigationController.rb; sourceTree = "<group>"; };
		CD2D17F612E5F1F800D6A99A /* NilClass.rb */ = {isa = PBXFileReference; fileEncoding = 4; lastKnownFileType = text.script.ruby; path = NilClass.rb; sourceTree = "<group>"; };
		CD2D17F712E5F1F800D6A99A /* NSIndexSet.rb */ = {isa = PBXFileReference; fileEncoding = 4; lastKnownFileType = text.script.ruby; path = NSIndexSet.rb; sourceTree = "<group>"; };
		CD2D17F812E5F1F800D6A99A /* NSMenu.rb */ = {isa = PBXFileReference; fileEncoding = 4; lastKnownFileType = text.script.ruby; path = NSMenu.rb; sourceTree = "<group>"; };
		CD2D17F912E5F1F800D6A99A /* NSOutlineView.rb */ = {isa = PBXFileReference; fileEncoding = 4; lastKnownFileType = text.script.ruby; path = NSOutlineView.rb; sourceTree = "<group>"; };
		CD2D17FA12E5F1F800D6A99A /* NSTableView.rb */ = {isa = PBXFileReference; fileEncoding = 4; lastKnownFileType = text.script.ruby; path = NSTableView.rb; sourceTree = "<group>"; };
		CD2D17FB12E5F1F800D6A99A /* NSURL.rb */ = {isa = PBXFileReference; fileEncoding = 4; lastKnownFileType = text.script.ruby; path = NSURL.rb; sourceTree = "<group>"; };
		CD2D17FC12E5F1F800D6A99A /* ParseException.rb */ = {isa = PBXFileReference; fileEncoding = 4; lastKnownFileType = text.script.ruby; path = ParseException.rb; sourceTree = "<group>"; };
		CD2D17FD12E5F1F800D6A99A /* Point.rb */ = {isa = PBXFileReference; fileEncoding = 4; lastKnownFileType = text.script.ruby; path = Point.rb; sourceTree = "<group>"; };
		CD2D17FE12E5F1F800D6A99A /* ProgressController.rb */ = {isa = PBXFileReference; fileEncoding = 4; lastKnownFileType = text.script.ruby; path = ProgressController.rb; sourceTree = "<group>"; };
		CD2D17FF12E5F1F800D6A99A /* Search.rb */ = {isa = PBXFileReference; fileEncoding = 4; lastKnownFileType = text.script.ruby; path = Search.rb; sourceTree = "<group>"; };
		CD2D180012E5F1F800D6A99A /* SearchController.rb */ = {isa = PBXFileReference; fileEncoding = 4; lastKnownFileType = text.script.ruby; path = SearchController.rb; sourceTree = "<group>"; };
		CD2D180112E5F1F800D6A99A /* SelectionViewController.rb */ = {isa = PBXFileReference; fileEncoding = 4; lastKnownFileType = text.script.ruby; path = SelectionViewController.rb; sourceTree = "<group>"; };
		CD2D180212E5F1F800D6A99A /* Spine.rb */ = {isa = PBXFileReference; fileEncoding = 4; lastKnownFileType = text.script.ruby; path = Spine.rb; sourceTree = "<group>"; };
		CD2D180312E5F1F800D6A99A /* SpineController.rb */ = {isa = PBXFileReference; fileEncoding = 4; lastKnownFileType = text.script.ruby; path = SpineController.rb; sourceTree = "<group>"; };
		CD2D180412E5F1F800D6A99A /* String.rb */ = {isa = PBXFileReference; fileEncoding = 4; lastKnownFileType = text.script.ruby; path = String.rb; sourceTree = "<group>"; };
		CD2D180512E5F1F800D6A99A /* TabCell.rb */ = {isa = PBXFileReference; fileEncoding = 4; lastKnownFileType = text.script.ruby; path = TabCell.rb; sourceTree = "<group>"; };
		CD2D180612E5F1F800D6A99A /* TabView.rb */ = {isa = PBXFileReference; fileEncoding = 4; lastKnownFileType = text.script.ruby; path = TabView.rb; sourceTree = "<group>"; };
		CD2D180A12E5F1F800D6A99A /* UUID.rb */ = {isa = PBXFileReference; fileEncoding = 4; lastKnownFileType = text.script.ruby; path = UUID.rb; sourceTree = "<group>"; };
		CD2D180C12E5F1F800D6A99A /* WebViewController.rb */ = {isa = PBXFileReference; fileEncoding = 4; lastKnownFileType = text.script.ruby; path = WebViewController.rb; sourceTree = "<group>"; };
		CD2D184312E5F23400D6A99A /* NSURL_test.rb */ = {isa = PBXFileReference; fileEncoding = 4; lastKnownFileType = text.script.ruby; path = NSURL_test.rb; sourceTree = "<group>"; };
		CD2D185612E5F28500D6A99A /* book.png */ = {isa = PBXFileReference; lastKnownFileType = image.png; path = book.png; sourceTree = "<group>"; };
		CD2D185712E5F28500D6A99A /* find-close-click.png */ = {isa = PBXFileReference; lastKnownFileType = image.png; path = "find-close-click.png"; sourceTree = "<group>"; };
		CD2D185812E5F28500D6A99A /* find-close-rollover.png */ = {isa = PBXFileReference; lastKnownFileType = image.png; path = "find-close-rollover.png"; sourceTree = "<group>"; };
		CD2D185912E5F28500D6A99A /* find-close.png */ = {isa = PBXFileReference; lastKnownFileType = image.png; path = "find-close.png"; sourceTree = "<group>"; };
		CD2D185A12E5F28500D6A99A /* folder.png */ = {isa = PBXFileReference; lastKnownFileType = image.png; path = folder.png; sourceTree = "<group>"; };
		CD2D185B12E5F28500D6A99A /* horizontal.png */ = {isa = PBXFileReference; lastKnownFileType = image.png; path = horizontal.png; sourceTree = "<group>"; };
		CD2D185D12E5F28500D6A99A /* Metadata.tiff */ = {isa = PBXFileReference; lastKnownFileType = image.tiff; path = Metadata.tiff; sourceTree = "<group>"; };
		CD2D185F12E5F28500D6A99A /* no-cover.png */ = {isa = PBXFileReference; lastKnownFileType = image.png; path = "no-cover.png"; sourceTree = "<group>"; };
		CD2D186212E5F28500D6A99A /* Reformat.tiff */ = {isa = PBXFileReference; lastKnownFileType = image.tiff; path = Reformat.tiff; sourceTree = "<group>"; };
		CD2D186312E5F28500D6A99A /* source.png */ = {isa = PBXFileReference; lastKnownFileType = image.png; path = source.png; sourceTree = "<group>"; };
		CD2D186512E5F28500D6A99A /* tab-bg.png */ = {isa = PBXFileReference; lastKnownFileType = image.png; path = "tab-bg.png"; sourceTree = "<group>"; };
		CD2D186612E5F28500D6A99A /* tab-close-pressed.png */ = {isa = PBXFileReference; lastKnownFileType = image.png; path = "tab-close-pressed.png"; sourceTree = "<group>"; };
		CD2D186712E5F28500D6A99A /* tab-close.png */ = {isa = PBXFileReference; lastKnownFileType = image.png; path = "tab-close.png"; sourceTree = "<group>"; };
		CD2D186812E5F28500D6A99A /* tab-edited-close.png */ = {isa = PBXFileReference; lastKnownFileType = image.png; path = "tab-edited-close.png"; sourceTree = "<group>"; };
		CD2D186912E5F28500D6A99A /* tab-edited-pressed.png */ = {isa = PBXFileReference; lastKnownFileType = image.png; path = "tab-edited-pressed.png"; sourceTree = "<group>"; };
		CD2D186A12E5F28500D6A99A /* tab-selected-bg.png */ = {isa = PBXFileReference; lastKnownFileType = image.png; path = "tab-selected-bg.png"; sourceTree = "<group>"; };
		CD2D186B12E5F28500D6A99A /* table-header-bg.png */ = {isa = PBXFileReference; lastKnownFileType = image.png; path = "table-header-bg.png"; sourceTree = "<group>"; };
		CD2D186C12E5F28500D6A99A /* table-header-bg1.png */ = {isa = PBXFileReference; lastKnownFileType = image.png; path = "table-header-bg1.png"; sourceTree = "<group>"; };
		CD2D186E12E5F28500D6A99A /* vertical.png */ = {isa = PBXFileReference; lastKnownFileType = image.png; path = vertical.png; sourceTree = "<group>"; };
		CD2D189212E5F2BF00D6A99A /* container.xml.erb */ = {isa = PBXFileReference; fileEncoding = 4; lastKnownFileType = text.xml; path = container.xml.erb; sourceTree = "<group>"; };
		CD2D189312E5F2BF00D6A99A /* content.opf.erb */ = {isa = PBXFileReference; fileEncoding = 4; lastKnownFileType = text.xml; path = content.opf.erb; sourceTree = "<group>"; };
		CD2D189412E5F2BF00D6A99A /* toc.ncx.erb */ = {isa = PBXFileReference; fileEncoding = 4; lastKnownFileType = text.xml; path = toc.ncx.erb; sourceTree = "<group>"; };
		CD2D18A412E5F46600D6A99A /* Folio.icns */ = {isa = PBXFileReference; lastKnownFileType = image.icns; path = Folio.icns; sourceTree = "<group>"; };
		CD3179BD12EA7AE800C98B33 /* English */ = {isa = PBXFileReference; lastKnownFileType = file.xib; name = English; path = English.lproj/Book.xib; sourceTree = "<group>"; };
		CD3179BF12EA7AE800C98B33 /* English */ = {isa = PBXFileReference; lastKnownFileType = file.xib; name = English; path = English.lproj/GotoLine.xib; sourceTree = "<group>"; };
		CD3179C112EA7AE800C98B33 /* English */ = {isa = PBXFileReference; fileEncoding = 10; lastKnownFileType = text.plist.strings; name = English; path = English.lproj/InfoPlist.strings; sourceTree = "<group>"; };
		CD3179C312EA7AE800C98B33 /* English */ = {isa = PBXFileReference; lastKnownFileType = file.xib; name = English; path = English.lproj/MainMenu.xib; sourceTree = "<group>"; };
		CD3179C712EA7AE800C98B33 /* English */ = {isa = PBXFileReference; lastKnownFileType = file.xib; name = English; path = English.lproj/Metadata.xib; sourceTree = "<group>"; };
		CD3179CB12EA7AE800C98B33 /* English */ = {isa = PBXFileReference; lastKnownFileType = file.xib; name = English; path = English.lproj/Preferences.xib; sourceTree = "<group>"; };
		CD3179CD12EA7AE800C98B33 /* English */ = {isa = PBXFileReference; lastKnownFileType = file.xib; name = English; path = English.lproj/Progress.xib; sourceTree = "<group>"; };
		CD3179CF12EA7AE800C98B33 /* English */ = {isa = PBXFileReference; lastKnownFileType = file.xib; name = English; path = English.lproj/Search.xib; sourceTree = "<group>"; };
		CD3179D112EA7AE800C98B33 /* English */ = {isa = PBXFileReference; lastKnownFileType = file.xib; name = English; path = English.lproj/SourceView.xib; sourceTree = "<group>"; };
		CD3179D712EA7AE800C98B33 /* English */ = {isa = PBXFileReference; lastKnownFileType = file.xib; name = English; path = English.lproj/WebView.xib; sourceTree = "<group>"; };
		CD3A3E0212F21F0500449BFC /* PrintController.rb */ = {isa = PBXFileReference; fileEncoding = 4; lastKnownFileType = text.script.ruby; path = PrintController.rb; sourceTree = "<group>"; };
		CD547D22149C1ED500242DAC /* tab-hover-bg.png */ = {isa = PBXFileReference; lastKnownFileType = image.png; path = "tab-hover-bg.png"; sourceTree = "<group>"; };
		CD57034812C28E9C0024EAA4 /* lib */ = {isa = PBXFileReference; lastKnownFileType = folder; path = lib; sourceTree = "<group>"; };
		CD5E2B1D14956C0F0036E219 /* inspector-show-icon.png */ = {isa = PBXFileReference; lastKnownFileType = image.png; path = "inspector-show-icon.png"; sourceTree = "<group>"; };
		CD5E2B1F14956DB70036E219 /* inspector-hide-icon.png */ = {isa = PBXFileReference; lastKnownFileType = image.png; path = "inspector-hide-icon.png"; sourceTree = "<group>"; };
		CD6712FE14928E36000B8BBB /* bubble-background-left.png */ = {isa = PBXFileReference; lastKnownFileType = image.png; path = "bubble-background-left.png"; sourceTree = "<group>"; };
		CD6712FF14928E36000B8BBB /* bubble-background-right.png */ = {isa = PBXFileReference; lastKnownFileType = image.png; path = "bubble-background-right.png"; sourceTree = "<group>"; };
		CD6713021492952D000B8BBB /* bubble-background-middle.png */ = {isa = PBXFileReference; lastKnownFileType = image.png; path = "bubble-background-middle.png"; sourceTree = "<group>"; };
		CD6C9CAC12F382DA0056D86B /* check.png */ = {isa = PBXFileReference; lastKnownFileType = image.png; path = check.png; sourceTree = "<group>"; };
		CD6C9CAD12F382DA0056D86B /* wrench.png */ = {isa = PBXFileReference; lastKnownFileType = image.png; path = wrench.png; sourceTree = "<group>"; };
		CD72EFE714AD1FDC0000B398 /* yield.png */ = {isa = PBXFileReference; lastKnownFileType = image.png; path = yield.png; sourceTree = "<group>"; };
		CD85C8F712EB3E2F009E33A3 /* IssueViewController.rb */ = {isa = PBXFileReference; fileEncoding = 4; lastKnownFileType = text.script.ruby; path = IssueViewController.rb; sourceTree = "<group>"; };
		CD85C8FA12EB3EAF009E33A3 /* English */ = {isa = PBXFileReference; lastKnownFileType = file.xib; name = English; path = English.lproj/IssueView.xib; sourceTree = "<group>"; };
		CD8F5F4A12EB75A00036B0D7 /* English */ = {isa = PBXFileReference; lastKnownFileType = file.xib; name = English; path = English.lproj/Validation.xib; sourceTree = "<group>"; };
		CD8F5F4F12EB77580036B0D7 /* ValidationController.rb */ = {isa = PBXFileReference; fileEncoding = 4; lastKnownFileType = text.script.ruby; path = ValidationController.rb; sourceTree = "<group>"; };
		CD9727E212E79CB4006398DB /* AsyncCommand.rb */ = {isa = PBXFileReference; fileEncoding = 4; lastKnownFileType = text.script.ruby; path = AsyncCommand.rb; sourceTree = "<group>"; };
		CD9727E412E79CBA006398DB /* ApplicationController.rb */ = {isa = PBXFileReference; fileEncoding = 4; lastKnownFileType = text.script.ruby; path = ApplicationController.rb; sourceTree = "<group>"; };
		CD9C72A21499BF2F0079EA4E /* SourceViewController.rb */ = {isa = PBXFileReference; fileEncoding = 4; lastKnownFileType = text.script.ruby; path = SourceViewController.rb; sourceTree = "<group>"; };
		CDAD2B7D12F9CCC00055A8D8 /* Issue.rb */ = {isa = PBXFileReference; fileEncoding = 4; lastKnownFileType = text.script.ruby; path = Issue.rb; sourceTree = "<group>"; };
		CDAECE0514AA1E8D00CF8274 /* Image.rb */ = {isa = PBXFileReference; fileEncoding = 4; lastKnownFileType = text.script.ruby; path = Image.rb; sourceTree = "<group>"; };
		CDB5422C12F32CE800BB5739 /* PointViewController.rb */ = {isa = PBXFileReference; fileEncoding = 4; lastKnownFileType = text.script.ruby; path = PointViewController.rb; sourceTree = "<group>"; };
		CDB5423012F32E9E00BB5739 /* English */ = {isa = PBXFileReference; lastKnownFileType = file.xib; name = English; path = English.lproj/PointView.xib; sourceTree = "<group>"; };
		CDB5428212F33CE100BB5739 /* English */ = {isa = PBXFileReference; lastKnownFileType = file.xib; name = English; path = English.lproj/ItemRefView.xib; sourceTree = "<group>"; };
		CDB5428512F33CF600BB5739 /* ItemRefViewController.rb */ = {isa = PBXFileReference; fileEncoding = 4; lastKnownFileType = text.script.ruby; path = ItemRefViewController.rb; sourceTree = "<group>"; };
		CDB5428712F33D2000BB5739 /* ItemViewController.rb */ = {isa = PBXFileReference; fileEncoding = 4; lastKnownFileType = text.script.ruby; path = ItemViewController.rb; sourceTree = "<group>"; };
		CDB5428C12F33D2E00BB5739 /* English */ = {isa = PBXFileReference; lastKnownFileType = file.xib; name = English; path = English.lproj/ItemView.xib; sourceTree = "<group>"; };
		CDB542C412F3638100BB5739 /* empty-inspector.png */ = {isa = PBXFileReference; lastKnownFileType = image.png; path = "empty-inspector.png"; sourceTree = "<group>"; };
		CDB6DED51492A0EF00E83456 /* HoverMessageView.rb */ = {isa = PBXFileReference; fileEncoding = 4; lastKnownFileType = text.script.ruby; path = HoverMessageView.rb; sourceTree = "<group>"; };
		CDB6DED61492A0EF00E83456 /* HoverWindow.rb */ = {isa = PBXFileReference; fileEncoding = 4; lastKnownFileType = text.script.ruby; path = HoverWindow.rb; sourceTree = "<group>"; };
		CDB780D5149964060025702F /* TabbedViewController.rb */ = {isa = PBXFileReference; fileEncoding = 4; lastKnownFileType = text.script.ruby; path = TabbedViewController.rb; sourceTree = "<group>"; };
		CDBE27C912E5544800D4DDC6 /* The Fall of the Roman Empire.epub */ = {isa = PBXFileReference; lastKnownFileType = file; path = "The Fall of the Roman Empire.epub"; sourceTree = "<group>"; };
		CDD7AFF612EF675700352D4B /* manifest.png */ = {isa = PBXFileReference; lastKnownFileType = image.png; path = manifest.png; sourceTree = "<group>"; };
		CDD7AFFA12EF6D5F00352D4B /* toc.png */ = {isa = PBXFileReference; lastKnownFileType = image.png; path = toc.png; sourceTree = "<group>"; };
		CDD7B02E12EF79D800352D4B /* ItemRef.rb */ = {isa = PBXFileReference; fileEncoding = 4; lastKnownFileType = text.script.ruby; path = ItemRef.rb; sourceTree = "<group>"; };
		CDDBEC8312E6116600633F22 /* PreferencesController.rb */ = {isa = PBXFileReference; fileEncoding = 4; lastKnownFileType = text.script.ruby; path = PreferencesController.rb; sourceTree = "<group>"; };
		CDDBEC9612E611F800633F22 /* preferences-general.tiff */ = {isa = PBXFileReference; lastKnownFileType = image.tiff; path = "preferences-general.tiff"; sourceTree = "<group>"; };
		CDDCAD7F12EC7E63003A0B07 /* no-issues.png */ = {isa = PBXFileReference; lastKnownFileType = image.png; path = "no-issues.png"; sourceTree = "<group>"; };
		CDDF2452140D57DF00D2898B /* Blank.rb */ = {isa = PBXFileReference; fileEncoding = 4; lastKnownFileType = text.script.ruby; path = Blank.rb; sourceTree = "<group>"; };
		CDE105F512DFA58000E1518B /* QuartzCore.framework */ = {isa = PBXFileReference; lastKnownFileType = wrapper.framework; name = QuartzCore.framework; path = System/Library/Frameworks/QuartzCore.framework; sourceTree = SDKROOT; };
		CDE2C37014AC07FC00EFE5F5 /* blank.xhtml */ = {isa = PBXFileReference; fileEncoding = 4; lastKnownFileType = text.xml; path = blank.xhtml; sourceTree = "<group>"; };
		CDE4491112305CAD001C69AE /* book_test.rb */ = {isa = PBXFileReference; fileEncoding = 4; lastKnownFileType = text.script.ruby; path = book_test.rb; sourceTree = "<group>"; };
		CDE4491212305CAD001C69AE /* run_suite.rb */ = {isa = PBXFileReference; fileEncoding = 4; lastKnownFileType = text.script.ruby; path = run_suite.rb; sourceTree = "<group>"; };
		CDEBCAC412F0A88100E8834D /* spine.png */ = {isa = PBXFileReference; lastKnownFileType = image.png; path = spine.png; sourceTree = "<group>"; };
		CDEBCB0512F0B27C00E8834D /* Metadatum.rb */ = {isa = PBXFileReference; fileEncoding = 4; lastKnownFileType = text.script.ruby; path = Metadatum.rb; sourceTree = "<group>"; };
		CDEBCB0712F0B28600E8834D /* InspectorViewController.rb */ = {isa = PBXFileReference; fileEncoding = 4; lastKnownFileType = text.script.ruby; path = InspectorViewController.rb; sourceTree = "<group>"; };
		CDEBCB1212F0B40700E8834D /* English */ = {isa = PBXFileReference; lastKnownFileType = file.xib; name = English; path = English.lproj/InspectorView.xib; sourceTree = "<group>"; };
		CDEBCB8412F0CBDA00E8834D /* inspector-border.png */ = {isa = PBXFileReference; lastKnownFileType = image.png; path = "inspector-border.png"; sourceTree = "<group>"; };
		CDEBCBED12F0E7CB00E8834D /* preview.png */ = {isa = PBXFileReference; lastKnownFileType = image.png; path = preview.png; sourceTree = "<group>"; };
		CDEBCBEF12F0E7D600E8834D /* yield-circle.png */ = {isa = PBXFileReference; lastKnownFileType = image.png; path = "yield-circle.png"; sourceTree = "<group>"; };
		CDF7071514AA68CA004F76EF /* PointPanel.xib */ = {isa = PBXFileReference; fileEncoding = 4; lastKnownFileType = file.xib; path = PointPanel.xib; sourceTree = "<group>"; };
		CDF7071814AA68FA004F76EF /* PointPanelController.rb */ = {isa = PBXFileReference; fileEncoding = 4; lastKnownFileType = text.script.ruby; path = PointPanelController.rb; sourceTree = "<group>"; };
		CDFA75D2120909AA00830BCE /* CoreAudio.framework */ = {isa = PBXFileReference; lastKnownFileType = wrapper.framework; name = CoreAudio.framework; path = System/Library/Frameworks/CoreAudio.framework; sourceTree = SDKROOT; };
/* End PBXFileReference section */

/* Begin PBXFrameworksBuildPhase section */
		8D11072E0486CEB800E47090 /* Frameworks */ = {
			isa = PBXFrameworksBuildPhase;
			buildActionMask = 2147483647;
			files = (
				8D11072F0486CEB800E47090 /* Cocoa.framework in Frameworks */,
				4DE3BE140D8651D900ECA448 /* MacRuby.framework in Frameworks */,
				CD0603AC1207940A00E447D5 /* WebKit.framework in Frameworks */,
				CDFA75D3120909AA00830BCE /* CoreAudio.framework in Frameworks */,
				CDE105F612DFA58000E1518B /* QuartzCore.framework in Frameworks */,
			);
			runOnlyForDeploymentPostprocessing = 0;
		};
/* End PBXFrameworksBuildPhase section */

/* Begin PBXGroup section */
		1058C7A0FEA54F0111CA2CBB /* Linked Frameworks */ = {
			isa = PBXGroup;
			children = (
				4DE3BE130D8651D900ECA448 /* MacRuby.framework */,
				1058C7A1FEA54F0111CA2CBB /* Cocoa.framework */,
				CDE105F512DFA58000E1518B /* QuartzCore.framework */,
			);
			name = "Linked Frameworks";
			sourceTree = "<group>";
		};
		1058C7A2FEA54F0111CA2CBB /* Other Frameworks */ = {
			isa = PBXGroup;
			children = (
				29B97324FDCFA39411CA2CEA /* AppKit.framework */,
				13E42FB307B3F0F600E4EEF1 /* CoreData.framework */,
				29B97325FDCFA39411CA2CEA /* Foundation.framework */,
				CD0603AB1207940A00E447D5 /* WebKit.framework */,
			);
			name = "Other Frameworks";
			sourceTree = "<group>";
		};
		19C28FACFE9D520D11CA2CBB /* Products */ = {
			isa = PBXGroup;
			children = (
				8D1107320486CEB800E47090 /* Folio.app */,
			);
			name = Products;
			sourceTree = "<group>";
		};
		29B97314FDCFA39411CA2CEA /* Folio */ = {
			isa = PBXGroup;
			children = (
				CD2D17D712E5F1F800D6A99A /* Classes */,
				CD0A2E58123140FA00A67BFB /* data */,
				CD57034812C28E9C0024EAA4 /* lib */,
				CDE4491012305CAD001C69AE /* test */,
				29B97315FDCFA39411CA2CEA /* Other Sources */,
				29B97317FDCFA39411CA2CEA /* Resources */,
				29B97323FDCFA39411CA2CEA /* Frameworks */,
				19C28FACFE9D520D11CA2CBB /* Products */,
			);
			name = Folio;
			sourceTree = "<group>";
		};
		29B97315FDCFA39411CA2CEA /* Other Sources */ = {
			isa = PBXGroup;
			children = (
				4DE339F60D74FCDD00ADB6EE /* rb_main.rb */,
				29B97316FDCFA39411CA2CEA /* main.m */,
			);
			name = "Other Sources";
			sourceTree = "<group>";
		};
		29B97317FDCFA39411CA2CEA /* Resources */ = {
			isa = PBXGroup;
			children = (
				CD2D189112E5F2BF00D6A99A /* Templates */,
				CD2D185412E5F28500D6A99A /* Images */,
				CD2D17BE12E5F1DB00D6A99A /* XIBs */,
				8D1107310486CEB800E47090 /* Info.plist */,
			);
			name = Resources;
			sourceTree = "<group>";
		};
		29B97323FDCFA39411CA2CEA /* Frameworks */ = {
			isa = PBXGroup;
			children = (
				1058C7A0FEA54F0111CA2CBB /* Linked Frameworks */,
				1058C7A2FEA54F0111CA2CBB /* Other Frameworks */,
				CDFA75D2120909AA00830BCE /* CoreAudio.framework */,
			);
			name = Frameworks;
			sourceTree = "<group>";
		};
		CD0A2E58123140FA00A67BFB /* data */ = {
			isa = PBXGroup;
			children = (
				CDBE27C912E5544800D4DDC6 /* The Fall of the Roman Empire.epub */,
				CD0A2E59123140FA00A67BFB /* Fight Club.epub */,
				CD0A2E5A123140FA00A67BFB /* HTML & CSS_ The Good Parts.epub */,
			);
			path = data;
			sourceTree = "<group>";
		};
		CD2D17BE12E5F1DB00D6A99A /* XIBs */ = {
			isa = PBXGroup;
			children = (
				CD3179BC12EA7AE800C98B33 /* Book.xib */,
				CD3179BE12EA7AE800C98B33 /* GotoLine.xib */,
				CD3179C012EA7AE800C98B33 /* InfoPlist.strings */,
				CDEBCB1112F0B40700E8834D /* InspectorView.xib */,
				CD85C8F912EB3EAF009E33A3 /* IssueView.xib */,
				CDB5428112F33CE100BB5739 /* ItemRefView.xib */,
				CDB5428B12F33D2E00BB5739 /* ItemView.xib */,
				CD3179C212EA7AE800C98B33 /* MainMenu.xib */,
				CD3179C612EA7AE800C98B33 /* Metadata.xib */,
				CDF7071514AA68CA004F76EF /* PointPanel.xib */,
				CDB5422F12F32E9E00BB5739 /* PointView.xib */,
				CD3179CA12EA7AE800C98B33 /* Preferences.xib */,
				CD3179CC12EA7AE800C98B33 /* Progress.xib */,
				CD3179CE12EA7AE800C98B33 /* Search.xib */,
				CD145F7B14A2A9B600DD607C /* SelectionView.xib */,
				CD3179D012EA7AE800C98B33 /* SourceView.xib */,
				CD145F7D14A2A9B600DD607C /* TabbedView.xib */,
				CD8F5F4912EB75A00036B0D7 /* Validation.xib */,
				CD3179D612EA7AE800C98B33 /* WebView.xib */,
			);
			path = XIBs;
			sourceTree = "<group>";
		};
		CD2D17D712E5F1F800D6A99A /* Classes */ = {
			isa = PBXGroup;
			children = (
				CD2D17D812E5F1F800D6A99A /* Alert.rb */,
				CD9727E412E79CBA006398DB /* ApplicationController.rb */,
				CD9727E212E79CB4006398DB /* AsyncCommand.rb */,
				CDDF2452140D57DF00D2898B /* Blank.rb */,
				CD2D17DB12E5F1F800D6A99A /* Book.rb */,
				CD2D17DC12E5F1F800D6A99A /* BookWindowController.rb */,
				CD2D17DD12E5F1F800D6A99A /* Bundle.rb */,
				CD2D17DE12E5F1F800D6A99A /* Container.rb */,
				CD2D17DF12E5F1F800D6A99A /* CSS.treetop */,
				CD2D17E012E5F1F800D6A99A /* CSSParser.rb */,
				CD2D17E112E5F1F800D6A99A /* GotoLineController.rb */,
				CD2D17E212E5F1F800D6A99A /* Guide.rb */,
				CD2D17E312E5F1F800D6A99A /* HeaderView.rb */,
				CD2D17E412E5F1F800D6A99A /* Highlighter.rb */,
				CDB6DED51492A0EF00E83456 /* HoverMessageView.rb */,
				CDB6DED61492A0EF00E83456 /* HoverWindow.rb */,
				CDAECE0514AA1E8D00CF8274 /* Image.rb */,
				CD2D17E712E5F1F800D6A99A /* ImageCell.rb */,
				CD2D17E812E5F1F800D6A99A /* ImageWell.rb */,
				CDEBCB0712F0B28600E8834D /* InspectorViewController.rb */,
				CDAD2B7D12F9CCC00055A8D8 /* Issue.rb */,
				CD85C8F712EB3E2F009E33A3 /* IssueViewController.rb */,
				CD2D17E912E5F1F800D6A99A /* Item.rb */,
				CDD7B02E12EF79D800352D4B /* ItemRef.rb */,
				CDB5428512F33CF600BB5739 /* ItemRefViewController.rb */,
				CDB5428712F33D2000BB5739 /* ItemViewController.rb */,
				CD2D17EB12E5F1F800D6A99A /* Language.rb */,
				CD2D17ED12E5F1F800D6A99A /* LineNumberRuler.rb */,
				CD2D17EE12E5F1F800D6A99A /* Manifest.rb */,
				CD2D17EF12E5F1F800D6A99A /* ManifestController.rb */,
				CD2D17F012E5F1F800D6A99A /* Match.rb */,
				CD2D17F112E5F1F800D6A99A /* Media.rb */,
				CD2D17F212E5F1F800D6A99A /* Metadata.rb */,
				CD2D17F312E5F1F800D6A99A /* MetadataController.rb */,
				CDEBCB0512F0B27C00E8834D /* Metadatum.rb */,
				CD2D17F412E5F1F800D6A99A /* Navigation.rb */,
				CD2D17F512E5F1F800D6A99A /* NavigationController.rb */,
				CD2D17F612E5F1F800D6A99A /* NilClass.rb */,
				CD2D17F712E5F1F800D6A99A /* NSIndexSet.rb */,
				CD2D17F812E5F1F800D6A99A /* NSMenu.rb */,
				CD2D17F912E5F1F800D6A99A /* NSOutlineView.rb */,
				CD2D17FA12E5F1F800D6A99A /* NSTableView.rb */,
				CD2D17FB12E5F1F800D6A99A /* NSURL.rb */,
				CD2D17FC12E5F1F800D6A99A /* ParseException.rb */,
				CD2D17FD12E5F1F800D6A99A /* Point.rb */,
				CDF7071814AA68FA004F76EF /* PointPanelController.rb */,
				CDB5422C12F32CE800BB5739 /* PointViewController.rb */,
				CDDBEC8312E6116600633F22 /* PreferencesController.rb */,
				CD3A3E0212F21F0500449BFC /* PrintController.rb */,
				CD2D17FE12E5F1F800D6A99A /* ProgressController.rb */,
				CD2D17FF12E5F1F800D6A99A /* Search.rb */,
				CD2D180012E5F1F800D6A99A /* SearchController.rb */,
				CD2D180112E5F1F800D6A99A /* SelectionViewController.rb */,
				CD9C72A21499BF2F0079EA4E /* SourceViewController.rb */,
				CD2D180212E5F1F800D6A99A /* Spine.rb */,
				CD2D180312E5F1F800D6A99A /* SpineController.rb */,
				CD2D180412E5F1F800D6A99A /* String.rb */,
				CDB780D5149964060025702F /* TabbedViewController.rb */,
				CD2D180512E5F1F800D6A99A /* TabCell.rb */,
				CD2D180612E5F1F800D6A99A /* TabView.rb */,
				CD2D180A12E5F1F800D6A99A /* UUID.rb */,
				CD8F5F4F12EB77580036B0D7 /* ValidationController.rb */,
				CD2D180C12E5F1F800D6A99A /* WebViewController.rb */,
			);
			path = Classes;
			sourceTree = "<group>";
		};
		CD2D185412E5F28500D6A99A /* Images */ = {
			isa = PBXGroup;
			children = (
				CD2206671493D04D00AB589F /* background-logo.png */,
				CD2D185612E5F28500D6A99A /* book.png */,
				CD6712FE14928E36000B8BBB /* bubble-background-left.png */,
				CD6713021492952D000B8BBB /* bubble-background-middle.png */,
				CD6712FF14928E36000B8BBB /* bubble-background-right.png */,
				CD6C9CAC12F382DA0056D86B /* check.png */,
				CDB542C412F3638100BB5739 /* empty-inspector.png */,
				CD2D185712E5F28500D6A99A /* find-close-click.png */,
				CD2D185812E5F28500D6A99A /* find-close-rollover.png */,
				CD2D185912E5F28500D6A99A /* find-close.png */,
				CD2D185A12E5F28500D6A99A /* folder.png */,
				CD2D18A412E5F46600D6A99A /* Folio.icns */,
				CD2D185B12E5F28500D6A99A /* horizontal.png */,
				CDEBCB8412F0CBDA00E8834D /* inspector-border.png */,
				CD5E2B1F14956DB70036E219 /* inspector-hide-icon.png */,
				CD5E2B1D14956C0F0036E219 /* inspector-show-icon.png */,
				CD1F3F5814AD84AC00FE986A /* Inspector.png */,
				CD102B86149590A500EE8650 /* issues-hide-icon.png */,
				CD102B88149592D100EE8650 /* issues-show-icon.png */,
				CDD7AFF612EF675700352D4B /* manifest.png */,
				CD2D185D12E5F28500D6A99A /* Metadata.tiff */,
				CD2D185F12E5F28500D6A99A /* no-cover.png */,
				CDDCAD7F12EC7E63003A0B07 /* no-issues.png */,
				CDDBEC9612E611F800633F22 /* preferences-general.tiff */,
				CDEBCBED12F0E7CB00E8834D /* preview.png */,
				CD2D186212E5F28500D6A99A /* Reformat.tiff */,
				CD2D186312E5F28500D6A99A /* source.png */,
				CDEBCAC412F0A88100E8834D /* spine.png */,
				CD2D186512E5F28500D6A99A /* tab-bg.png */,
				CD2D186612E5F28500D6A99A /* tab-close-pressed.png */,
				CD2D186712E5F28500D6A99A /* tab-close.png */,
				CD2D186812E5F28500D6A99A /* tab-edited-close.png */,
				CD2D186912E5F28500D6A99A /* tab-edited-pressed.png */,
				CD547D22149C1ED500242DAC /* tab-hover-bg.png */,
				CD2D186A12E5F28500D6A99A /* tab-selected-bg.png */,
				CD2D186B12E5F28500D6A99A /* table-header-bg.png */,
				CD2D186C12E5F28500D6A99A /* table-header-bg1.png */,
				CDD7AFFA12EF6D5F00352D4B /* toc.png */,
				CD2D186E12E5F28500D6A99A /* vertical.png */,
				CD17D85714AEC956004080CE /* Validate.png */,
				CD6C9CAD12F382DA0056D86B /* wrench.png */,
				CDEBCBEF12F0E7D600E8834D /* yield-circle.png */,
				CD72EFE714AD1FDC0000B398 /* yield.png */,
			);
			path = Images;
			sourceTree = "<group>";
		};
		CD2D189112E5F2BF00D6A99A /* Templates */ = {
			isa = PBXGroup;
			children = (
				CDE2C37014AC07FC00EFE5F5 /* blank.xhtml */,
				CD2D189212E5F2BF00D6A99A /* container.xml.erb */,
				CD2D189312E5F2BF00D6A99A /* content.opf.erb */,
				CD2D189412E5F2BF00D6A99A /* toc.ncx.erb */,
			);
			path = Templates;
			sourceTree = "<group>";
		};
		CDE4491012305CAD001C69AE /* test */ = {
			isa = PBXGroup;
			children = (
				CDE4491112305CAD001C69AE /* book_test.rb */,
				CDE4491212305CAD001C69AE /* run_suite.rb */,
				CD2D184312E5F23400D6A99A /* NSURL_test.rb */,
			);
			path = test;
			sourceTree = "<group>";
		};
/* End PBXGroup section */

/* Begin PBXNativeTarget section */
		8D1107260486CEB800E47090 /* Folio */ = {
			isa = PBXNativeTarget;
			buildConfigurationList = C01FCF4A08A954540054247B /* Build configuration list for PBXNativeTarget "Folio" */;
			buildPhases = (
				8D1107290486CEB800E47090 /* Resources */,
				8D11072C0486CEB800E47090 /* Sources */,
				8D11072E0486CEB800E47090 /* Frameworks */,
				172754B4107597CF00D0347B /* CopyFiles */,
			);
			buildRules = (
			);
			dependencies = (
			);
			name = Folio;
			productInstallPath = "$(HOME)/Applications";
			productName = Folio;
			productReference = 8D1107320486CEB800E47090 /* Folio.app */;
			productType = "com.apple.product-type.application";
		};
/* End PBXNativeTarget section */

/* Begin PBXProject section */
		29B97313FDCFA39411CA2CEA /* Project object */ = {
			isa = PBXProject;
			attributes = {
				LastUpgradeCheck = 0420;
			};
			buildConfigurationList = C01FCF4E08A954540054247B /* Build configuration list for PBXProject "Folio" */;
			compatibilityVersion = "Xcode 3.2";
			developmentRegion = English;
			hasScannedForEncodings = 1;
			knownRegions = (
				English,
				Japanese,
				French,
				German,
			);
			mainGroup = 29B97314FDCFA39411CA2CEA /* Folio */;
			projectDirPath = "";
			projectRoot = "";
			targets = (
				8D1107260486CEB800E47090 /* Folio */,
				172754BD107597F200D0347B /* Unit Tests */,
				4D1A51A110A4FF5D0046A98A /* Compile */,
				4D1A51A510A4FF640046A98A /* Embed */,
			);
		};
/* End PBXProject section */

/* Begin PBXResourcesBuildPhase section */
		8D1107290486CEB800E47090 /* Resources */ = {
			isa = PBXResourcesBuildPhase;
			buildActionMask = 2147483647;
			files = (
				4DE339F70D74FCDD00ADB6EE /* rb_main.rb in Resources */,
				CDE4491312305CAD001C69AE /* book_test.rb in Resources */,
				CDE4491412305CAD001C69AE /* run_suite.rb in Resources */,
				CD0A2E5C123140FA00A67BFB /* Fight Club.epub in Resources */,
				CD0A2E5D123140FA00A67BFB /* HTML & CSS_ The Good Parts.epub in Resources */,
				CD57035112C28E9C0024EAA4 /* lib in Resources */,
				CDBE27CA12E5544800D4DDC6 /* The Fall of the Roman Empire.epub in Resources */,
				CD2D180D12E5F1F800D6A99A /* Alert.rb in Resources */,
				CD2D181012E5F1F800D6A99A /* Book.rb in Resources */,
				CD2D181112E5F1F800D6A99A /* BookWindowController.rb in Resources */,
				CD2D181212E5F1F800D6A99A /* Bundle.rb in Resources */,
				CD2D181312E5F1F800D6A99A /* Container.rb in Resources */,
				CD2D181412E5F1F800D6A99A /* CSS.treetop in Resources */,
				CD2D181512E5F1F800D6A99A /* CSSParser.rb in Resources */,
				CD2D181612E5F1F800D6A99A /* GotoLineController.rb in Resources */,
				CD2D181712E5F1F800D6A99A /* Guide.rb in Resources */,
				CD2D181812E5F1F800D6A99A /* HeaderView.rb in Resources */,
				CD2D181912E5F1F800D6A99A /* Highlighter.rb in Resources */,
				CD2D181C12E5F1F800D6A99A /* ImageCell.rb in Resources */,
				CD2D181D12E5F1F800D6A99A /* ImageWell.rb in Resources */,
				CD2D181E12E5F1F800D6A99A /* Item.rb in Resources */,
				CD2D182012E5F1F800D6A99A /* Language.rb in Resources */,
				CD2D182212E5F1F800D6A99A /* LineNumberRuler.rb in Resources */,
				CD2D182312E5F1F800D6A99A /* Manifest.rb in Resources */,
				CD2D182412E5F1F800D6A99A /* ManifestController.rb in Resources */,
				CD2D182512E5F1F800D6A99A /* Match.rb in Resources */,
				CD2D182612E5F1F800D6A99A /* Media.rb in Resources */,
				CD2D182712E5F1F800D6A99A /* Metadata.rb in Resources */,
				CD2D182812E5F1F800D6A99A /* MetadataController.rb in Resources */,
				CD2D182912E5F1F800D6A99A /* Navigation.rb in Resources */,
				CD2D182A12E5F1F800D6A99A /* NavigationController.rb in Resources */,
				CD2D182B12E5F1F800D6A99A /* NilClass.rb in Resources */,
				CD2D182C12E5F1F800D6A99A /* NSIndexSet.rb in Resources */,
				CD2D182D12E5F1F800D6A99A /* NSMenu.rb in Resources */,
				CD2D182E12E5F1F800D6A99A /* NSOutlineView.rb in Resources */,
				CD2D182F12E5F1F800D6A99A /* NSTableView.rb in Resources */,
				CD2D183012E5F1F800D6A99A /* NSURL.rb in Resources */,
				CD2D183112E5F1F800D6A99A /* ParseException.rb in Resources */,
				CD2D183212E5F1F800D6A99A /* Point.rb in Resources */,
				CD2D183312E5F1F800D6A99A /* ProgressController.rb in Resources */,
				CD2D183412E5F1F800D6A99A /* Search.rb in Resources */,
				CD2D183512E5F1F800D6A99A /* SearchController.rb in Resources */,
				CD2D183612E5F1F800D6A99A /* SelectionViewController.rb in Resources */,
				CD2D183712E5F1F800D6A99A /* Spine.rb in Resources */,
				CD2D183812E5F1F800D6A99A /* SpineController.rb in Resources */,
				CD2D183912E5F1F800D6A99A /* String.rb in Resources */,
				CD2D183A12E5F1F800D6A99A /* TabCell.rb in Resources */,
				CD2D183B12E5F1F800D6A99A /* TabView.rb in Resources */,
				CD2D183F12E5F1F800D6A99A /* UUID.rb in Resources */,
				CD2D184112E5F1F800D6A99A /* WebViewController.rb in Resources */,
				CD2D184412E5F23400D6A99A /* NSURL_test.rb in Resources */,
				CD2D187312E5F28500D6A99A /* book.png in Resources */,
				CD2D187412E5F28500D6A99A /* find-close-click.png in Resources */,
				CD2D187512E5F28500D6A99A /* find-close-rollover.png in Resources */,
				CD2D187612E5F28500D6A99A /* find-close.png in Resources */,
				CD2D187712E5F28500D6A99A /* folder.png in Resources */,
				CD2D187812E5F28500D6A99A /* horizontal.png in Resources */,
				CD2D187A12E5F28500D6A99A /* Metadata.tiff in Resources */,
				CD2D187C12E5F28500D6A99A /* no-cover.png in Resources */,
				CD2D187F12E5F28500D6A99A /* Reformat.tiff in Resources */,
				CD2D188012E5F28500D6A99A /* source.png in Resources */,
				CD2D188212E5F28500D6A99A /* tab-bg.png in Resources */,
				CD2D188312E5F28500D6A99A /* tab-close-pressed.png in Resources */,
				CD2D188412E5F28500D6A99A /* tab-close.png in Resources */,
				CD2D188512E5F28500D6A99A /* tab-edited-close.png in Resources */,
				CD2D188612E5F28500D6A99A /* tab-edited-pressed.png in Resources */,
				CD2D188712E5F28500D6A99A /* tab-selected-bg.png in Resources */,
				CD2D188812E5F28500D6A99A /* table-header-bg.png in Resources */,
				CD2D188912E5F28500D6A99A /* table-header-bg1.png in Resources */,
				CD2D188B12E5F28500D6A99A /* vertical.png in Resources */,
				CD2D189512E5F2BF00D6A99A /* container.xml.erb in Resources */,
				CD2D189612E5F2BF00D6A99A /* content.opf.erb in Resources */,
				CD2D189712E5F2BF00D6A99A /* toc.ncx.erb in Resources */,
				CD2D18A512E5F46600D6A99A /* Folio.icns in Resources */,
				CDDBEC8412E6116600633F22 /* PreferencesController.rb in Resources */,
				CDDBEC9712E611F800633F22 /* preferences-general.tiff in Resources */,
				CD9727E312E79CB4006398DB /* AsyncCommand.rb in Resources */,
				CD9727E512E79CBA006398DB /* ApplicationController.rb in Resources */,
				CD3179D812EA7AE800C98B33 /* Book.xib in Resources */,
				CD3179D912EA7AE800C98B33 /* GotoLine.xib in Resources */,
				CD3179DA12EA7AE800C98B33 /* InfoPlist.strings in Resources */,
				CD3179DB12EA7AE800C98B33 /* MainMenu.xib in Resources */,
				CD3179DD12EA7AE800C98B33 /* Metadata.xib in Resources */,
				CD3179DF12EA7AE800C98B33 /* Preferences.xib in Resources */,
				CD3179E012EA7AE800C98B33 /* Progress.xib in Resources */,
				CD3179E112EA7AE800C98B33 /* Search.xib in Resources */,
				CD3179E212EA7AE800C98B33 /* SourceView.xib in Resources */,
				CD3179E512EA7AE800C98B33 /* WebView.xib in Resources */,
				CD85C8F812EB3E2F009E33A3 /* IssueViewController.rb in Resources */,
				CD85C8FB12EB3EAF009E33A3 /* IssueView.xib in Resources */,
				CD8F5F4B12EB75A00036B0D7 /* Validation.xib in Resources */,
				CD8F5F5012EB77580036B0D7 /* ValidationController.rb in Resources */,
				CDDCAD8012EC7E63003A0B07 /* no-issues.png in Resources */,
				CDD7AFF712EF675700352D4B /* manifest.png in Resources */,
				CDD7AFFB12EF6D5F00352D4B /* toc.png in Resources */,
				CDD7B02F12EF79D800352D4B /* ItemRef.rb in Resources */,
				CDEBCAC812F0A88100E8834D /* spine.png in Resources */,
				CDEBCB0612F0B27C00E8834D /* Metadatum.rb in Resources */,
				CDEBCB0812F0B28600E8834D /* InspectorViewController.rb in Resources */,
				CDEBCB1312F0B40700E8834D /* InspectorView.xib in Resources */,
				CDEBCB8512F0CBDA00E8834D /* inspector-border.png in Resources */,
				CDEBCBEE12F0E7CB00E8834D /* preview.png in Resources */,
				CDEBCBF012F0E7D600E8834D /* yield-circle.png in Resources */,
				CD3A3E0312F21F0500449BFC /* PrintController.rb in Resources */,
				CDB5422D12F32CE800BB5739 /* PointViewController.rb in Resources */,
				CDB5423112F32E9E00BB5739 /* PointView.xib in Resources */,
				CDB5428312F33CE100BB5739 /* ItemRefView.xib in Resources */,
				CDB5428612F33CF600BB5739 /* ItemRefViewController.rb in Resources */,
				CDB5428812F33D2000BB5739 /* ItemViewController.rb in Resources */,
				CDB5428D12F33D2E00BB5739 /* ItemView.xib in Resources */,
				CDB542C512F3638100BB5739 /* empty-inspector.png in Resources */,
				CD6C9CAE12F382DA0056D86B /* check.png in Resources */,
				CD6C9CAF12F382DA0056D86B /* wrench.png in Resources */,
				CDAD2B7E12F9CCC00055A8D8 /* Issue.rb in Resources */,
				CDDF2453140D57DF00D2898B /* Blank.rb in Resources */,
				CD67130014928E36000B8BBB /* bubble-background-left.png in Resources */,
				CD67130114928E36000B8BBB /* bubble-background-right.png in Resources */,
				CD6713031492952D000B8BBB /* bubble-background-middle.png in Resources */,
				CDB6DED71492A0EF00E83456 /* HoverMessageView.rb in Resources */,
				CDB6DED81492A0EF00E83456 /* HoverWindow.rb in Resources */,
				CD2206681493D04D00AB589F /* background-logo.png in Resources */,
				CD5E2B1E14956C0F0036E219 /* inspector-show-icon.png in Resources */,
				CD5E2B2014956DB70036E219 /* inspector-hide-icon.png in Resources */,
				CD102B87149590A500EE8650 /* issues-hide-icon.png in Resources */,
				CD102B89149592D100EE8650 /* issues-show-icon.png in Resources */,
				CDB780D6149964070025702F /* TabbedViewController.rb in Resources */,
				CD9C72A31499BF2F0079EA4E /* SourceViewController.rb in Resources */,
				CD547D23149C1ED500242DAC /* tab-hover-bg.png in Resources */,
				CD145F7F14A2A9B600DD607C /* SelectionView.xib in Resources */,
				CD145F8014A2A9B600DD607C /* TabbedView.xib in Resources */,
				CDAECE0614AA1E8D00CF8274 /* Image.rb in Resources */,
				CDF7071614AA68CA004F76EF /* PointPanel.xib in Resources */,
				CDF7071914AA68FA004F76EF /* PointPanelController.rb in Resources */,
				CDE2C37114AC07FC00EFE5F5 /* blank.xhtml in Resources */,
				CD72EFE814AD1FDC0000B398 /* yield.png in Resources */,
				CD1F3F5914AD84AC00FE986A /* Inspector.png in Resources */,
				CD17D85814AEC956004080CE /* Validate.png in Resources */,
			);
			runOnlyForDeploymentPostprocessing = 0;
		};
/* End PBXResourcesBuildPhase section */

/* Begin PBXShellScriptBuildPhase section */
		172754BC107597F200D0347B /* ShellScript */ = {
			isa = PBXShellScriptBuildPhase;
			buildActionMask = 2147483647;
			files = (
			);
			inputPaths = (
			);
			outputPaths = (
			);
			runOnlyForDeploymentPostprocessing = 0;
			shellPath = /bin/sh;
			shellScript = "/usr/local/bin/macruby Tests/run_suite.rb";
		};
		4D1A51A010A4FF5D0046A98A /* ShellScript */ = {
			isa = PBXShellScriptBuildPhase;
			buildActionMask = 2147483647;
			files = (
			);
			inputPaths = (
			);
			outputPaths = (
			);
			runOnlyForDeploymentPostprocessing = 0;
			shellPath = /bin/sh;
			shellScript = "# The macruby_deploy command-line tool with the --compile argument will compile every Ruby source file of your .app into machine code. Default options will be used. Pass the -h option to get more information.\nPATH=\"$PATH:/usr/local/bin\" macruby_deploy --compile \"$TARGET_BUILD_DIR/$PROJECT_NAME.app\"";
		};
		4D1A51A410A4FF640046A98A /* ShellScript */ = {
			isa = PBXShellScriptBuildPhase;
			buildActionMask = 2147483647;
			files = (
			);
			inputPaths = (
			);
			outputPaths = (
			);
			runOnlyForDeploymentPostprocessing = 0;
			shellPath = /bin/sh;
			shellScript = "# The macruby_deploy command-line tool with the --embed argument will make sure the MacRuby framework will be embedded in your .app. Default options will be used. Pass the -h option to get more information.\nPATH=\"$PATH:/usr/local/bin\" macruby_deploy --embed \"$TARGET_BUILD_DIR/$PROJECT_NAME.app\"";
		};
/* End PBXShellScriptBuildPhase section */

/* Begin PBXSourcesBuildPhase section */
		8D11072C0486CEB800E47090 /* Sources */ = {
			isa = PBXSourcesBuildPhase;
			buildActionMask = 2147483647;
			files = (
				8D11072D0486CEB800E47090 /* main.m in Sources */,
			);
			runOnlyForDeploymentPostprocessing = 0;
		};
/* End PBXSourcesBuildPhase section */

/* Begin PBXVariantGroup section */
		CD145F7B14A2A9B600DD607C /* SelectionView.xib */ = {
			isa = PBXVariantGroup;
			children = (
				CD145F7C14A2A9B600DD607C /* English */,
			);
			name = SelectionView.xib;
			sourceTree = "<group>";
		};
		CD145F7D14A2A9B600DD607C /* TabbedView.xib */ = {
			isa = PBXVariantGroup;
			children = (
				CD145F7E14A2A9B600DD607C /* English */,
			);
			name = TabbedView.xib;
			sourceTree = "<group>";
		};
		CD3179BC12EA7AE800C98B33 /* Book.xib */ = {
			isa = PBXVariantGroup;
			children = (
				CD3179BD12EA7AE800C98B33 /* English */,
			);
			name = Book.xib;
			sourceTree = "<group>";
		};
		CD3179BE12EA7AE800C98B33 /* GotoLine.xib */ = {
			isa = PBXVariantGroup;
			children = (
				CD3179BF12EA7AE800C98B33 /* English */,
			);
			name = GotoLine.xib;
			sourceTree = "<group>";
		};
		CD3179C012EA7AE800C98B33 /* InfoPlist.strings */ = {
			isa = PBXVariantGroup;
			children = (
				CD3179C112EA7AE800C98B33 /* English */,
			);
			name = InfoPlist.strings;
			sourceTree = "<group>";
		};
		CD3179C212EA7AE800C98B33 /* MainMenu.xib */ = {
			isa = PBXVariantGroup;
			children = (
				CD3179C312EA7AE800C98B33 /* English */,
			);
			name = MainMenu.xib;
			sourceTree = "<group>";
		};
		CD3179C612EA7AE800C98B33 /* Metadata.xib */ = {
			isa = PBXVariantGroup;
			children = (
				CD3179C712EA7AE800C98B33 /* English */,
			);
			name = Metadata.xib;
			sourceTree = "<group>";
		};
		CD3179CA12EA7AE800C98B33 /* Preferences.xib */ = {
			isa = PBXVariantGroup;
			children = (
				CD3179CB12EA7AE800C98B33 /* English */,
			);
			name = Preferences.xib;
			sourceTree = "<group>";
		};
		CD3179CC12EA7AE800C98B33 /* Progress.xib */ = {
			isa = PBXVariantGroup;
			children = (
				CD3179CD12EA7AE800C98B33 /* English */,
			);
			name = Progress.xib;
			sourceTree = "<group>";
		};
		CD3179CE12EA7AE800C98B33 /* Search.xib */ = {
			isa = PBXVariantGroup;
			children = (
				CD3179CF12EA7AE800C98B33 /* English */,
			);
			name = Search.xib;
			sourceTree = "<group>";
		};
		CD3179D012EA7AE800C98B33 /* SourceView.xib */ = {
			isa = PBXVariantGroup;
			children = (
				CD3179D112EA7AE800C98B33 /* English */,
			);
			name = SourceView.xib;
			sourceTree = "<group>";
		};
		CD3179D612EA7AE800C98B33 /* WebView.xib */ = {
			isa = PBXVariantGroup;
			children = (
				CD3179D712EA7AE800C98B33 /* English */,
			);
			name = WebView.xib;
			sourceTree = "<group>";
		};
		CD85C8F912EB3EAF009E33A3 /* IssueView.xib */ = {
			isa = PBXVariantGroup;
			children = (
				CD85C8FA12EB3EAF009E33A3 /* English */,
			);
			name = IssueView.xib;
			sourceTree = "<group>";
		};
		CD8F5F4912EB75A00036B0D7 /* Validation.xib */ = {
			isa = PBXVariantGroup;
			children = (
				CD8F5F4A12EB75A00036B0D7 /* English */,
			);
			name = Validation.xib;
			sourceTree = "<group>";
		};
		CDB5422F12F32E9E00BB5739 /* PointView.xib */ = {
			isa = PBXVariantGroup;
			children = (
				CDB5423012F32E9E00BB5739 /* English */,
			);
			name = PointView.xib;
			sourceTree = "<group>";
		};
		CDB5428112F33CE100BB5739 /* ItemRefView.xib */ = {
			isa = PBXVariantGroup;
			children = (
				CDB5428212F33CE100BB5739 /* English */,
			);
			name = ItemRefView.xib;
			sourceTree = "<group>";
		};
		CDB5428B12F33D2E00BB5739 /* ItemView.xib */ = {
			isa = PBXVariantGroup;
			children = (
				CDB5428C12F33D2E00BB5739 /* English */,
			);
			name = ItemView.xib;
			sourceTree = "<group>";
		};
		CDEBCB1112F0B40700E8834D /* InspectorView.xib */ = {
			isa = PBXVariantGroup;
			children = (
				CDEBCB1212F0B40700E8834D /* English */,
			);
			name = InspectorView.xib;
			sourceTree = "<group>";
		};
/* End PBXVariantGroup section */

/* Begin XCBuildConfiguration section */
		172754BE107597F200D0347B /* Debug */ = {
			isa = XCBuildConfiguration;
			buildSettings = {
				COPY_PHASE_STRIP = NO;
				GCC_DYNAMIC_NO_PIC = NO;
				GCC_OPTIMIZATION_LEVEL = 0;
				PRODUCT_NAME = "Unit Tests";
				SDKROOT = macosx;
			};
			name = Debug;
		};
		172754BF107597F200D0347B /* Release */ = {
			isa = XCBuildConfiguration;
			buildSettings = {
				COPY_PHASE_STRIP = YES;
				DEBUG_INFORMATION_FORMAT = "dwarf-with-dsym";
				PRODUCT_NAME = "Unit Tests";
				SDKROOT = macosx;
				ZERO_LINK = NO;
			};
			name = Release;
		};
		4D1A51A210A4FF5D0046A98A /* Debug */ = {
			isa = XCBuildConfiguration;
			buildSettings = {
				COPY_PHASE_STRIP = NO;
				GCC_DYNAMIC_NO_PIC = NO;
				GCC_OPTIMIZATION_LEVEL = 0;
				PRODUCT_NAME = Compile;
				SDKROOT = macosx;
			};
			name = Debug;
		};
		4D1A51A310A4FF5D0046A98A /* Release */ = {
			isa = XCBuildConfiguration;
			buildSettings = {
				COPY_PHASE_STRIP = YES;
				DEBUG_INFORMATION_FORMAT = "dwarf-with-dsym";
				PRODUCT_NAME = Compile;
				SDKROOT = macosx;
				ZERO_LINK = NO;
			};
			name = Release;
		};
		4D1A51A610A4FF640046A98A /* Debug */ = {
			isa = XCBuildConfiguration;
			buildSettings = {
				COPY_PHASE_STRIP = NO;
				GCC_DYNAMIC_NO_PIC = NO;
				GCC_OPTIMIZATION_LEVEL = 0;
				PRODUCT_NAME = Embed;
				SDKROOT = macosx;
			};
			name = Debug;
		};
		4D1A51A710A4FF640046A98A /* Release */ = {
			isa = XCBuildConfiguration;
			buildSettings = {
				COPY_PHASE_STRIP = YES;
				DEBUG_INFORMATION_FORMAT = "dwarf-with-dsym";
				PRODUCT_NAME = Embed;
				SDKROOT = macosx;
				ZERO_LINK = NO;
			};
			name = Release;
		};
		C01FCF4B08A954540054247B /* Debug */ = {
			isa = XCBuildConfiguration;
			buildSettings = {
				COPY_PHASE_STRIP = NO;
				FRAMEWORK_SEARCH_PATHS = (
					"$(inherited)",
					"\"$(SRCROOT)/build/Debug\"",
				);
				GCC_DYNAMIC_NO_PIC = NO;
				GCC_MODEL_TUNING = G5;
				GCC_OPTIMIZATION_LEVEL = 0;
				GCC_PRECOMPILE_PREFIX_HEADER = YES;
				GCC_TREAT_WARNINGS_AS_ERRORS = YES;
				INFOPLIST_FILE = Info.plist;
				INSTALL_PATH = "$(HOME)/Applications";
				PRODUCT_NAME = Folio;
				WRAPPER_EXTENSION = app;
				ZERO_LINK = YES;
			};
			name = Debug;
		};
		C01FCF4C08A954540054247B /* Release */ = {
			isa = XCBuildConfiguration;
			buildSettings = {
				DEBUG_INFORMATION_FORMAT = "dwarf-with-dsym";
				FRAMEWORK_SEARCH_PATHS = (
					"$(inherited)",
					"\"$(SRCROOT)/build/Debug\"",
				);
				GCC_MODEL_TUNING = G5;
				GCC_PRECOMPILE_PREFIX_HEADER = YES;
				INFOPLIST_FILE = Info.plist;
				INSTALL_PATH = "$(HOME)/Applications";
				PRODUCT_NAME = Folio;
				WRAPPER_EXTENSION = app;
			};
			name = Release;
		};
		C01FCF4F08A954540054247B /* Debug */ = {
			isa = XCBuildConfiguration;
			buildSettings = {
				ARCHS = "$(NATIVE_ARCH_ACTUAL)";
				GCC_ENABLE_OBJC_GC = required;
				GCC_WARN_ABOUT_RETURN_TYPE = YES;
				GCC_WARN_UNUSED_VARIABLE = YES;
				MACOSX_DEPLOYMENT_TARGET = 10.6;
				SDKROOT = macosx;
				VALID_ARCHS = x86_64;
			};
			name = Debug;
		};
		C01FCF5008A954540054247B /* Release */ = {
			isa = XCBuildConfiguration;
			buildSettings = {
				ARCHS = "$(NATIVE_ARCH_ACTUAL)";
				GCC_ENABLE_OBJC_GC = required;
				GCC_WARN_ABOUT_RETURN_TYPE = YES;
				GCC_WARN_UNUSED_VARIABLE = YES;
				MACOSX_DEPLOYMENT_TARGET = 10.6;
				SDKROOT = macosx;
				VALID_ARCHS = x86_64;
			};
			name = Release;
		};
/* End XCBuildConfiguration section */

/* Begin XCConfigurationList section */
		172754C7107597F400D0347B /* Build configuration list for PBXAggregateTarget "Unit Tests" */ = {
			isa = XCConfigurationList;
			buildConfigurations = (
				172754BE107597F200D0347B /* Debug */,
				172754BF107597F200D0347B /* Release */,
			);
			defaultConfigurationIsVisible = 0;
			defaultConfigurationName = Release;
		};
		4D1A51AB10A4FF6A0046A98A /* Build configuration list for PBXAggregateTarget "Compile" */ = {
			isa = XCConfigurationList;
			buildConfigurations = (
				4D1A51A210A4FF5D0046A98A /* Debug */,
				4D1A51A310A4FF5D0046A98A /* Release */,
			);
			defaultConfigurationIsVisible = 0;
			defaultConfigurationName = Release;
		};
		4D1A51AC10A4FF6A0046A98A /* Build configuration list for PBXAggregateTarget "Embed" */ = {
			isa = XCConfigurationList;
			buildConfigurations = (
				4D1A51A610A4FF640046A98A /* Debug */,
				4D1A51A710A4FF640046A98A /* Release */,
			);
			defaultConfigurationIsVisible = 0;
			defaultConfigurationName = Release;
		};
		C01FCF4A08A954540054247B /* Build configuration list for PBXNativeTarget "Folio" */ = {
			isa = XCConfigurationList;
			buildConfigurations = (
				C01FCF4B08A954540054247B /* Debug */,
				C01FCF4C08A954540054247B /* Release */,
			);
			defaultConfigurationIsVisible = 0;
			defaultConfigurationName = Release;
		};
		C01FCF4E08A954540054247B /* Build configuration list for PBXProject "Folio" */ = {
			isa = XCConfigurationList;
			buildConfigurations = (
				C01FCF4F08A954540054247B /* Debug */,
				C01FCF5008A954540054247B /* Release */,
			);
			defaultConfigurationIsVisible = 0;
			defaultConfigurationName = Release;
		};
/* End XCConfigurationList section */
	};
	rootObject = 29B97313FDCFA39411CA2CEA /* Project object */;
}
