// !$*UTF8*$!
{
	archiveVersion = 1;
	classes = {
	};
	objectVersion = 44;
	objects = {

/* Begin PBXAggregateTarget section */
		172754BD107597F200D0347B /* Unit Tests */ = {
			isa = PBXAggregateTarget;
			buildConfigurationList = 172754C7107597F400D0347B /* Build configuration list for PBXAggregateTarget "Unit Tests" */;
			buildPhases = (
				172754BC107597F200D0347B /* ShellScript */,
			);
			dependencies = (
			);
			name = "Unit Tests";
			productName = "Unit Tests";
		};
		4D1A51A110A4FF5D0046A98A /* Compile */ = {
			isa = PBXAggregateTarget;
			buildConfigurationList = 4D1A51AB10A4FF6A0046A98A /* Build configuration list for PBXAggregateTarget "Compile" */;
			buildPhases = (
				4D1A51A010A4FF5D0046A98A /* ShellScript */,
			);
			dependencies = (
			);
			name = Compile;
			productName = Compile;
		};
		4D1A51A510A4FF640046A98A /* Embed */ = {
			isa = PBXAggregateTarget;
			buildConfigurationList = 4D1A51AC10A4FF6A0046A98A /* Build configuration list for PBXAggregateTarget "Embed" */;
			buildPhases = (
				4D1A51A410A4FF640046A98A /* ShellScript */,
			);
			dependencies = (
			);
			name = Embed;
			productName = Embed;
		};
/* End PBXAggregateTarget section */

/* Begin PBXBuildFile section */
		2BFA9DA710CDF852007972A1 /* MainMenu.xib in Resources */ = {isa = PBXBuildFile; fileRef = 2BFA9DA510CDF852007972A1 /* MainMenu.xib */; };
		4DE339F70D74FCDD00ADB6EE /* rb_main.rb in Resources */ = {isa = PBXBuildFile; fileRef = 4DE339F60D74FCDD00ADB6EE /* rb_main.rb */; };
		4DE3BE140D8651D900ECA448 /* MacRuby.framework in Frameworks */ = {isa = PBXBuildFile; fileRef = 4DE3BE130D8651D900ECA448 /* MacRuby.framework */; };
		8D11072B0486CEB800E47090 /* InfoPlist.strings in Resources */ = {isa = PBXBuildFile; fileRef = 089C165CFE840E0CC02AAC07 /* InfoPlist.strings */; };
		8D11072D0486CEB800E47090 /* main.m in Sources */ = {isa = PBXBuildFile; fileRef = 29B97316FDCFA39411CA2CEA /* main.m */; settings = {ATTRIBUTES = (); }; };
		8D11072F0486CEB800E47090 /* Cocoa.framework in Frameworks */ = {isa = PBXBuildFile; fileRef = 1058C7A1FEA54F0111CA2CBB /* Cocoa.framework */; };
		CD02D4C0124952C8007DC4B7 /* UUID.rb in Resources */ = {isa = PBXBuildFile; fileRef = CD02D4BF124952C8007DC4B7 /* UUID.rb */; };
		CD02D4D412496A1B007DC4B7 /* Metadata.rb in Resources */ = {isa = PBXBuildFile; fileRef = CD02D4D312496A1B007DC4B7 /* Metadata.rb */; };
		CD0603AC1207940A00E447D5 /* WebKit.framework in Frameworks */ = {isa = PBXBuildFile; fileRef = CD0603AB1207940A00E447D5 /* WebKit.framework */; };
		CD0A2E5C123140FA00A67BFB /* Fight Club.epub in Resources */ = {isa = PBXBuildFile; fileRef = CD0A2E59123140FA00A67BFB /* Fight Club.epub */; };
		CD0A2E5D123140FA00A67BFB /* HTML & CSS_ The Good Parts.epub in Resources */ = {isa = PBXBuildFile; fileRef = CD0A2E5A123140FA00A67BFB /* HTML & CSS_ The Good Parts.epub */; };
		CD0A2E5E123140FA00A67BFB /* The Fall of the Roman Empire_ A New History of Rome and the Barbarians.epub in Resources */ = {isa = PBXBuildFile; fileRef = CD0A2E5B123140FA00A67BFB /* The Fall of the Roman Empire_ A New History of Rome and the Barbarians.epub */; };
		CD0A304D125E775500AA3EF2 /* table-header-bg.png in Resources */ = {isa = PBXBuildFile; fileRef = CD0A304C125E775500AA3EF2 /* table-header-bg.png */; };
		CD0A30C2125E874F00AA3EF2 /* HeaderView.rb in Resources */ = {isa = PBXBuildFile; fileRef = CD0A30C1125E874F00AA3EF2 /* HeaderView.rb */; };
		CD1354381246E4BB006761AF /* container.xml.erb in Resources */ = {isa = PBXBuildFile; fileRef = CD1354371246E4BB006761AF /* container.xml.erb */; };
		CD80EB7B1232BABB00CEC08F /* CSSParser.rb in Resources */ = {isa = PBXBuildFile; fileRef = CD80EB7A1232BABB00CEC08F /* CSSParser.rb */; };
		CD83F59E122B3E32005BB914 /* content.opf.erb in Resources */ = {isa = PBXBuildFile; fileRef = CD83F59A122B3E32005BB914 /* content.opf.erb */; };
		CD83F5A0122B3E32005BB914 /* toc.ncx.erb in Resources */ = {isa = PBXBuildFile; fileRef = CD83F59C122B3E32005BB914 /* toc.ncx.erb */; };
		CD890C4E125FDE3B00FD262A /* find-close.png in Resources */ = {isa = PBXBuildFile; fileRef = CD890C4D125FDE3B00FD262A /* find-close.png */; };
		CD890C52125FDF2700FD262A /* find-close-click.png in Resources */ = {isa = PBXBuildFile; fileRef = CD890C51125FDF2700FD262A /* find-close-click.png */; };
		CD890C54125FDF5D00FD262A /* find-close-rollover.png in Resources */ = {isa = PBXBuildFile; fileRef = CD890C53125FDF5D00FD262A /* find-close-rollover.png */; };
		CD98FCE5124D132100D26653 /* SearchController.rb in Resources */ = {isa = PBXBuildFile; fileRef = CD98FCE4124D132100D26653 /* SearchController.rb */; };
		CD994AC11260A23600AAD4DE /* table-header-bg1.png in Resources */ = {isa = PBXBuildFile; fileRef = CD994AC01260A23600AAD4DE /* table-header-bg1.png */; };
		CD994B041260B42100AAD4DE /* tab-bg.png in Resources */ = {isa = PBXBuildFile; fileRef = CD994B031260B42100AAD4DE /* tab-bg.png */; };
		CD994B0E1260B57100AAD4DE /* tab-selected-bg.png in Resources */ = {isa = PBXBuildFile; fileRef = CD994B0D1260B57100AAD4DE /* tab-selected-bg.png */; };
		CDA3FF2A124D8296003F6341 /* Match.rb in Resources */ = {isa = PBXBuildFile; fileRef = CDA3FF29124D8296003F6341 /* Match.rb */; };
		CDADCC7A124BFF3E00553FC7 /* Bundle.rb in Resources */ = {isa = PBXBuildFile; fileRef = CDADCC79124BFF3E00553FC7 /* Bundle.rb */; };
		CDBC1CAB124AA26500BED071 /* Highlighter.rb in Resources */ = {isa = PBXBuildFile; fileRef = CDBC1CAA124AA26500BED071 /* Highlighter.rb */; };
		CDBCAB58125D292400833604 /* Kernel.rb in Resources */ = {isa = PBXBuildFile; fileRef = CDBCAB57125D292400833604 /* Kernel.rb */; };
		CDBDC8AF122AA9DA00844EAA /* book.png in Resources */ = {isa = PBXBuildFile; fileRef = CDBDC8A8122AA9DA00844EAA /* book.png */; };
		CDBDC8B0122AA9DA00844EAA /* folder.png in Resources */ = {isa = PBXBuildFile; fileRef = CDBDC8A9122AA9DA00844EAA /* folder.png */; };
		CDBDC8B1122AA9DA00844EAA /* items.png in Resources */ = {isa = PBXBuildFile; fileRef = CDBDC8AA122AA9DA00844EAA /* items.png */; };
		CDBDC8B2122AA9DA00844EAA /* pageDown.png in Resources */ = {isa = PBXBuildFile; fileRef = CDBDC8AB122AA9DA00844EAA /* pageDown.png */; };
		CDBDC8B3122AA9DA00844EAA /* pageUp.png in Resources */ = {isa = PBXBuildFile; fileRef = CDBDC8AC122AA9DA00844EAA /* pageUp.png */; };
		CDBDC8B4122AA9DA00844EAA /* window1.png in Resources */ = {isa = PBXBuildFile; fileRef = CDBDC8AD122AA9DA00844EAA /* window1.png */; };
		CDBDC8B5122AA9DA00844EAA /* window2.png in Resources */ = {isa = PBXBuildFile; fileRef = CDBDC8AE122AA9DA00844EAA /* window2.png */; };
		CDC2B27C124FF54500082962 /* ProgressController.rb in Resources */ = {isa = PBXBuildFile; fileRef = CDC2B27B124FF54500082962 /* ProgressController.rb */; };
		CDD858AA12385B6900DD7E7A /* LineNumberRuler.rb in Resources */ = {isa = PBXBuildFile; fileRef = CDD858A912385B6900DD7E7A /* LineNumberRuler.rb */; };
		CDDD0E20124991ED00189172 /* String.rb in Resources */ = {isa = PBXBuildFile; fileRef = CDDD0E1F124991ED00189172 /* String.rb */; };
		CDDE4C5F1254F3C0004A18CF /* Tab.rb in Resources */ = {isa = PBXBuildFile; fileRef = CDDE4C5E1254F3C0004A18CF /* Tab.rb */; };
		CDDE4C9B1254FB69004A18CF /* TabView.rb in Resources */ = {isa = PBXBuildFile; fileRef = CDDE4C9A1254FB69004A18CF /* TabView.rb */; };
		CDDECB59124F9E8400604632 /* Search.rb in Resources */ = {isa = PBXBuildFile; fileRef = CDDECB58124F9E8400604632 /* Search.rb */; };
		CDE3FD0C125A84C800D52C50 /* tab-close-pressed.png in Resources */ = {isa = PBXBuildFile; fileRef = CDE3FD08125A84C800D52C50 /* tab-close-pressed.png */; };
		CDE3FD0D125A84C800D52C50 /* tab-close.png in Resources */ = {isa = PBXBuildFile; fileRef = CDE3FD09125A84C800D52C50 /* tab-close.png */; };
		CDE3FD0E125A84C800D52C50 /* tab-edited-close.png in Resources */ = {isa = PBXBuildFile; fileRef = CDE3FD0A125A84C800D52C50 /* tab-edited-close.png */; };
		CDE3FD0F125A84C800D52C50 /* tab-edited-pressed.png in Resources */ = {isa = PBXBuildFile; fileRef = CDE3FD0B125A84C800D52C50 /* tab-edited-pressed.png */; };
		CDE448FF12305CA2001C69AE /* AppController.rb in Resources */ = {isa = PBXBuildFile; fileRef = CDE448EE12305CA2001C69AE /* AppController.rb */; };
		CDE4490012305CA2001C69AE /* Book.rb in Resources */ = {isa = PBXBuildFile; fileRef = CDE448EF12305CA2001C69AE /* Book.rb */; };
		CDE4490112305CA2001C69AE /* BookController.rb in Resources */ = {isa = PBXBuildFile; fileRef = CDE448F012305CA2001C69AE /* BookController.rb */; };
		CDE4490212305CA2001C69AE /* Container.rb in Resources */ = {isa = PBXBuildFile; fileRef = CDE448F112305CA2001C69AE /* Container.rb */; };
		CDE4490312305CA2001C69AE /* Guide.rb in Resources */ = {isa = PBXBuildFile; fileRef = CDE448F212305CA2001C69AE /* Guide.rb */; };
		CDE4490412305CA2001C69AE /* ImageCell.rb in Resources */ = {isa = PBXBuildFile; fileRef = CDE448F312305CA2001C69AE /* ImageCell.rb */; };
		CDE4490512305CA2001C69AE /* Item.rb in Resources */ = {isa = PBXBuildFile; fileRef = CDE448F412305CA2001C69AE /* Item.rb */; };
		CDE4490612305CA2001C69AE /* Manifest.rb in Resources */ = {isa = PBXBuildFile; fileRef = CDE448F512305CA2001C69AE /* Manifest.rb */; };
		CDE4490712305CA2001C69AE /* ManifestController.rb in Resources */ = {isa = PBXBuildFile; fileRef = CDE448F612305CA2001C69AE /* ManifestController.rb */; };
		CDE4490812305CA2001C69AE /* Navigation.rb in Resources */ = {isa = PBXBuildFile; fileRef = CDE448F712305CA2001C69AE /* Navigation.rb */; };
		CDE4490912305CA2001C69AE /* NavigationController.rb in Resources */ = {isa = PBXBuildFile; fileRef = CDE448F812305CA2001C69AE /* NavigationController.rb */; };
		CDE4490A12305CA2001C69AE /* Point.rb in Resources */ = {isa = PBXBuildFile; fileRef = CDE448F912305CA2001C69AE /* Point.rb */; };
		CDE4490B12305CA2001C69AE /* Spine.rb in Resources */ = {isa = PBXBuildFile; fileRef = CDE448FA12305CA2001C69AE /* Spine.rb */; };
		CDE4490C12305CA2001C69AE /* SpineController.rb in Resources */ = {isa = PBXBuildFile; fileRef = CDE448FB12305CA2001C69AE /* SpineController.rb */; };
		CDE4490D12305CA2001C69AE /* TextViewController.rb in Resources */ = {isa = PBXBuildFile; fileRef = CDE448FC12305CA2001C69AE /* TextViewController.rb */; };
		CDE4490E12305CA2001C69AE /* WebViewController.rb in Resources */ = {isa = PBXBuildFile; fileRef = CDE448FD12305CA2001C69AE /* WebViewController.rb */; };
		CDE4490F12305CA2001C69AE /* WindowController.rb in Resources */ = {isa = PBXBuildFile; fileRef = CDE448FE12305CA2001C69AE /* WindowController.rb */; };
		CDE4491312305CAD001C69AE /* book_test.rb in Resources */ = {isa = PBXBuildFile; fileRef = CDE4491112305CAD001C69AE /* book_test.rb */; };
		CDE4491412305CAD001C69AE /* run_suite.rb in Resources */ = {isa = PBXBuildFile; fileRef = CDE4491212305CAD001C69AE /* run_suite.rb */; };
		CDFA75D3120909AA00830BCE /* CoreAudio.framework in Frameworks */ = {isa = PBXBuildFile; fileRef = CDFA75D2120909AA00830BCE /* CoreAudio.framework */; };
/* End PBXBuildFile section */

/* Begin PBXCopyFilesBuildPhase section */
		172754B4107597CF00D0347B /* CopyFiles */ = {
			isa = PBXCopyFilesBuildPhase;
			buildActionMask = 2147483647;
			dstPath = "";
			dstSubfolderSpec = 10;
			files = (
			);
			runOnlyForDeploymentPostprocessing = 0;
		};
/* End PBXCopyFilesBuildPhase section */

/* Begin PBXFileReference section */
		089C165DFE840E0CC02AAC07 /* English */ = {isa = PBXFileReference; fileEncoding = 10; lastKnownFileType = text.plist.strings; name = English; path = English.lproj/InfoPlist.strings; sourceTree = "<group>"; };
		1058C7A1FEA54F0111CA2CBB /* Cocoa.framework */ = {isa = PBXFileReference; lastKnownFileType = wrapper.framework; name = Cocoa.framework; path = /System/Library/Frameworks/Cocoa.framework; sourceTree = "<absolute>"; };
		13E42FB307B3F0F600E4EEF1 /* CoreData.framework */ = {isa = PBXFileReference; lastKnownFileType = wrapper.framework; name = CoreData.framework; path = /System/Library/Frameworks/CoreData.framework; sourceTree = "<absolute>"; };
		29B97316FDCFA39411CA2CEA /* main.m */ = {isa = PBXFileReference; fileEncoding = 4; lastKnownFileType = sourcecode.c.objc; path = main.m; sourceTree = "<group>"; };
		29B97324FDCFA39411CA2CEA /* AppKit.framework */ = {isa = PBXFileReference; lastKnownFileType = wrapper.framework; name = AppKit.framework; path = /System/Library/Frameworks/AppKit.framework; sourceTree = "<absolute>"; };
		29B97325FDCFA39411CA2CEA /* Foundation.framework */ = {isa = PBXFileReference; lastKnownFileType = wrapper.framework; name = Foundation.framework; path = /System/Library/Frameworks/Foundation.framework; sourceTree = "<absolute>"; };
		2BFA9DA610CDF852007972A1 /* English */ = {isa = PBXFileReference; lastKnownFileType = file.xib; name = English; path = English.lproj/MainMenu.xib; sourceTree = "<group>"; };
		4DE339F60D74FCDD00ADB6EE /* rb_main.rb */ = {isa = PBXFileReference; fileEncoding = 4; lastKnownFileType = text.script.ruby; path = rb_main.rb; sourceTree = "<group>"; };
		4DE3BE130D8651D900ECA448 /* MacRuby.framework */ = {isa = PBXFileReference; lastKnownFileType = wrapper.framework; name = MacRuby.framework; path = /Library/Frameworks/MacRuby.framework; sourceTree = "<absolute>"; };
		8D1107310486CEB800E47090 /* Info.plist */ = {isa = PBXFileReference; fileEncoding = 4; lastKnownFileType = text.plist.xml; path = Info.plist; sourceTree = "<group>"; };
		8D1107320486CEB800E47090 /* Folio.app */ = {isa = PBXFileReference; explicitFileType = wrapper.application; includeInIndex = 0; path = Folio.app; sourceTree = BUILT_PRODUCTS_DIR; };
		CD02D4BF124952C8007DC4B7 /* UUID.rb */ = {isa = PBXFileReference; fileEncoding = 4; lastKnownFileType = text.script.ruby; path = UUID.rb; sourceTree = "<group>"; };
		CD02D4D312496A1B007DC4B7 /* Metadata.rb */ = {isa = PBXFileReference; fileEncoding = 4; lastKnownFileType = text.script.ruby; path = Metadata.rb; sourceTree = "<group>"; };
		CD0603AB1207940A00E447D5 /* WebKit.framework */ = {isa = PBXFileReference; lastKnownFileType = wrapper.framework; name = WebKit.framework; path = System/Library/Frameworks/WebKit.framework; sourceTree = SDKROOT; };
		CD0A2E59123140FA00A67BFB /* Fight Club.epub */ = {isa = PBXFileReference; lastKnownFileType = file; path = "Fight Club.epub"; sourceTree = "<group>"; };
		CD0A2E5A123140FA00A67BFB /* HTML & CSS_ The Good Parts.epub */ = {isa = PBXFileReference; lastKnownFileType = file; path = "HTML & CSS_ The Good Parts.epub"; sourceTree = "<group>"; };
		CD0A2E5B123140FA00A67BFB /* The Fall of the Roman Empire_ A New History of Rome and the Barbarians.epub */ = {isa = PBXFileReference; lastKnownFileType = file; path = "The Fall of the Roman Empire_ A New History of Rome and the Barbarians.epub"; sourceTree = "<group>"; };
		CD0A304C125E775500AA3EF2 /* table-header-bg.png */ = {isa = PBXFileReference; lastKnownFileType = image.png; path = "table-header-bg.png"; sourceTree = "<group>"; };
		CD0A30C1125E874F00AA3EF2 /* HeaderView.rb */ = {isa = PBXFileReference; fileEncoding = 4; lastKnownFileType = text.script.ruby; path = HeaderView.rb; sourceTree = "<group>"; };
		CD1354371246E4BB006761AF /* container.xml.erb */ = {isa = PBXFileReference; fileEncoding = 4; lastKnownFileType = text.xml; path = container.xml.erb; sourceTree = "<group>"; };
		CD80EB7A1232BABB00CEC08F /* CSSParser.rb */ = {isa = PBXFileReference; fileEncoding = 4; lastKnownFileType = text.script.ruby; path = CSSParser.rb; sourceTree = "<group>"; };
		CD83F59A122B3E32005BB914 /* content.opf.erb */ = {isa = PBXFileReference; fileEncoding = 4; lastKnownFileType = text.xml; path = content.opf.erb; sourceTree = "<group>"; };
		CD83F59C122B3E32005BB914 /* toc.ncx.erb */ = {isa = PBXFileReference; fileEncoding = 4; lastKnownFileType = text.xml; path = toc.ncx.erb; sourceTree = "<group>"; };
		CD890C4D125FDE3B00FD262A /* find-close.png */ = {isa = PBXFileReference; lastKnownFileType = image.png; path = "find-close.png"; sourceTree = "<group>"; };
		CD890C51125FDF2700FD262A /* find-close-click.png */ = {isa = PBXFileReference; lastKnownFileType = image.png; path = "find-close-click.png"; sourceTree = "<group>"; };
		CD890C53125FDF5D00FD262A /* find-close-rollover.png */ = {isa = PBXFileReference; lastKnownFileType = image.png; path = "find-close-rollover.png"; sourceTree = "<group>"; };
		CD98FCE4124D132100D26653 /* SearchController.rb */ = {isa = PBXFileReference; fileEncoding = 4; lastKnownFileType = text.script.ruby; path = SearchController.rb; sourceTree = "<group>"; };
		CD994AC01260A23600AAD4DE /* table-header-bg1.png */ = {isa = PBXFileReference; lastKnownFileType = image.png; path = "table-header-bg1.png"; sourceTree = "<group>"; };
		CD994B031260B42100AAD4DE /* tab-bg.png */ = {isa = PBXFileReference; lastKnownFileType = image.png; path = "tab-bg.png"; sourceTree = "<group>"; };
		CD994B0D1260B57100AAD4DE /* tab-selected-bg.png */ = {isa = PBXFileReference; lastKnownFileType = image.png; path = "tab-selected-bg.png"; sourceTree = "<group>"; };
		CDA3FF29124D8296003F6341 /* Match.rb */ = {isa = PBXFileReference; fileEncoding = 4; lastKnownFileType = text.script.ruby; path = Match.rb; sourceTree = "<group>"; };
		CDADCC79124BFF3E00553FC7 /* Bundle.rb */ = {isa = PBXFileReference; fileEncoding = 4; lastKnownFileType = text.script.ruby; path = Bundle.rb; sourceTree = "<group>"; };
		CDBC1CAA124AA26500BED071 /* Highlighter.rb */ = {isa = PBXFileReference; fileEncoding = 4; lastKnownFileType = text.script.ruby; path = Highlighter.rb; sourceTree = "<group>"; };
		CDBCAB57125D292400833604 /* Kernel.rb */ = {isa = PBXFileReference; fileEncoding = 4; lastKnownFileType = text.script.ruby; path = Kernel.rb; sourceTree = "<group>"; };
		CDBDC8A8122AA9DA00844EAA /* book.png */ = {isa = PBXFileReference; lastKnownFileType = image.png; path = book.png; sourceTree = "<group>"; };
		CDBDC8A9122AA9DA00844EAA /* folder.png */ = {isa = PBXFileReference; lastKnownFileType = image.png; path = folder.png; sourceTree = "<group>"; };
		CDBDC8AA122AA9DA00844EAA /* items.png */ = {isa = PBXFileReference; lastKnownFileType = image.png; path = items.png; sourceTree = "<group>"; };
		CDBDC8AB122AA9DA00844EAA /* pageDown.png */ = {isa = PBXFileReference; lastKnownFileType = image.png; path = pageDown.png; sourceTree = "<group>"; };
		CDBDC8AC122AA9DA00844EAA /* pageUp.png */ = {isa = PBXFileReference; lastKnownFileType = image.png; path = pageUp.png; sourceTree = "<group>"; };
		CDBDC8AD122AA9DA00844EAA /* window1.png */ = {isa = PBXFileReference; lastKnownFileType = image.png; path = window1.png; sourceTree = "<group>"; };
		CDBDC8AE122AA9DA00844EAA /* window2.png */ = {isa = PBXFileReference; lastKnownFileType = image.png; path = window2.png; sourceTree = "<group>"; };
		CDC2B27B124FF54500082962 /* ProgressController.rb */ = {isa = PBXFileReference; fileEncoding = 4; lastKnownFileType = text.script.ruby; path = ProgressController.rb; sourceTree = "<group>"; };
		CDD858A912385B6900DD7E7A /* LineNumberRuler.rb */ = {isa = PBXFileReference; fileEncoding = 4; lastKnownFileType = text.script.ruby; path = LineNumberRuler.rb; sourceTree = "<group>"; };
		CDDD0E1F124991ED00189172 /* String.rb */ = {isa = PBXFileReference; fileEncoding = 4; lastKnownFileType = text.script.ruby; path = String.rb; sourceTree = "<group>"; };
		CDDE4C5E1254F3C0004A18CF /* Tab.rb */ = {isa = PBXFileReference; fileEncoding = 4; lastKnownFileType = text.script.ruby; path = Tab.rb; sourceTree = "<group>"; };
		CDDE4C9A1254FB69004A18CF /* TabView.rb */ = {isa = PBXFileReference; fileEncoding = 4; lastKnownFileType = text.script.ruby; path = TabView.rb; sourceTree = "<group>"; };
		CDDECB58124F9E8400604632 /* Search.rb */ = {isa = PBXFileReference; fileEncoding = 4; lastKnownFileType = text.script.ruby; path = Search.rb; sourceTree = "<group>"; };
		CDE3FD08125A84C800D52C50 /* tab-close-pressed.png */ = {isa = PBXFileReference; lastKnownFileType = image.png; path = "tab-close-pressed.png"; sourceTree = "<group>"; };
		CDE3FD09125A84C800D52C50 /* tab-close.png */ = {isa = PBXFileReference; lastKnownFileType = image.png; path = "tab-close.png"; sourceTree = "<group>"; };
		CDE3FD0A125A84C800D52C50 /* tab-edited-close.png */ = {isa = PBXFileReference; lastKnownFileType = image.png; path = "tab-edited-close.png"; sourceTree = "<group>"; };
		CDE3FD0B125A84C800D52C50 /* tab-edited-pressed.png */ = {isa = PBXFileReference; lastKnownFileType = image.png; path = "tab-edited-pressed.png"; sourceTree = "<group>"; };
		CDE448EE12305CA2001C69AE /* AppController.rb */ = {isa = PBXFileReference; fileEncoding = 4; lastKnownFileType = text.script.ruby; path = AppController.rb; sourceTree = "<group>"; };
		CDE448EF12305CA2001C69AE /* Book.rb */ = {isa = PBXFileReference; fileEncoding = 4; lastKnownFileType = text.script.ruby; path = Book.rb; sourceTree = "<group>"; };
		CDE448F012305CA2001C69AE /* BookController.rb */ = {isa = PBXFileReference; fileEncoding = 4; lastKnownFileType = text.script.ruby; path = BookController.rb; sourceTree = "<group>"; };
		CDE448F112305CA2001C69AE /* Container.rb */ = {isa = PBXFileReference; fileEncoding = 4; lastKnownFileType = text.script.ruby; path = Container.rb; sourceTree = "<group>"; };
		CDE448F212305CA2001C69AE /* Guide.rb */ = {isa = PBXFileReference; fileEncoding = 4; lastKnownFileType = text.script.ruby; path = Guide.rb; sourceTree = "<group>"; };
		CDE448F312305CA2001C69AE /* ImageCell.rb */ = {isa = PBXFileReference; fileEncoding = 4; lastKnownFileType = text.script.ruby; path = ImageCell.rb; sourceTree = "<group>"; };
		CDE448F412305CA2001C69AE /* Item.rb */ = {isa = PBXFileReference; fileEncoding = 4; lastKnownFileType = text.script.ruby; path = Item.rb; sourceTree = "<group>"; };
		CDE448F512305CA2001C69AE /* Manifest.rb */ = {isa = PBXFileReference; fileEncoding = 4; lastKnownFileType = text.script.ruby; path = Manifest.rb; sourceTree = "<group>"; };
		CDE448F612305CA2001C69AE /* ManifestController.rb */ = {isa = PBXFileReference; fileEncoding = 4; lastKnownFileType = text.script.ruby; path = ManifestController.rb; sourceTree = "<group>"; };
		CDE448F712305CA2001C69AE /* Navigation.rb */ = {isa = PBXFileReference; fileEncoding = 4; lastKnownFileType = text.script.ruby; path = Navigation.rb; sourceTree = "<group>"; };
		CDE448F812305CA2001C69AE /* NavigationController.rb */ = {isa = PBXFileReference; fileEncoding = 4; lastKnownFileType = text.script.ruby; path = NavigationController.rb; sourceTree = "<group>"; };
		CDE448F912305CA2001C69AE /* Point.rb */ = {isa = PBXFileReference; fileEncoding = 4; lastKnownFileType = text.script.ruby; path = Point.rb; sourceTree = "<group>"; };
		CDE448FA12305CA2001C69AE /* Spine.rb */ = {isa = PBXFileReference; fileEncoding = 4; lastKnownFileType = text.script.ruby; path = Spine.rb; sourceTree = "<group>"; };
		CDE448FB12305CA2001C69AE /* SpineController.rb */ = {isa = PBXFileReference; fileEncoding = 4; lastKnownFileType = text.script.ruby; path = SpineController.rb; sourceTree = "<group>"; };
		CDE448FC12305CA2001C69AE /* TextViewController.rb */ = {isa = PBXFileReference; fileEncoding = 4; lastKnownFileType = text.script.ruby; path = TextViewController.rb; sourceTree = "<group>"; };
		CDE448FD12305CA2001C69AE /* WebViewController.rb */ = {isa = PBXFileReference; fileEncoding = 4; lastKnownFileType = text.script.ruby; path = WebViewController.rb; sourceTree = "<group>"; };
		CDE448FE12305CA2001C69AE /* WindowController.rb */ = {isa = PBXFileReference; fileEncoding = 4; lastKnownFileType = text.script.ruby; path = WindowController.rb; sourceTree = "<group>"; };
		CDE4491112305CAD001C69AE /* book_test.rb */ = {isa = PBXFileReference; fileEncoding = 4; lastKnownFileType = text.script.ruby; path = book_test.rb; sourceTree = "<group>"; };
		CDE4491212305CAD001C69AE /* run_suite.rb */ = {isa = PBXFileReference; fileEncoding = 4; lastKnownFileType = text.script.ruby; path = run_suite.rb; sourceTree = "<group>"; };
		CDFA75D2120909AA00830BCE /* CoreAudio.framework */ = {isa = PBXFileReference; lastKnownFileType = wrapper.framework; name = CoreAudio.framework; path = System/Library/Frameworks/CoreAudio.framework; sourceTree = SDKROOT; };
/* End PBXFileReference section */

/* Begin PBXFrameworksBuildPhase section */
		8D11072E0486CEB800E47090 /* Frameworks */ = {
			isa = PBXFrameworksBuildPhase;
			buildActionMask = 2147483647;
			files = (
				8D11072F0486CEB800E47090 /* Cocoa.framework in Frameworks */,
				4DE3BE140D8651D900ECA448 /* MacRuby.framework in Frameworks */,
				CD0603AC1207940A00E447D5 /* WebKit.framework in Frameworks */,
				CDFA75D3120909AA00830BCE /* CoreAudio.framework in Frameworks */,
			);
			runOnlyForDeploymentPostprocessing = 0;
		};
/* End PBXFrameworksBuildPhase section */

/* Begin PBXGroup section */
		1058C7A0FEA54F0111CA2CBB /* Linked Frameworks */ = {
			isa = PBXGroup;
			children = (
				4DE3BE130D8651D900ECA448 /* MacRuby.framework */,
				1058C7A1FEA54F0111CA2CBB /* Cocoa.framework */,
			);
			name = "Linked Frameworks";
			sourceTree = "<group>";
		};
		1058C7A2FEA54F0111CA2CBB /* Other Frameworks */ = {
			isa = PBXGroup;
			children = (
				29B97324FDCFA39411CA2CEA /* AppKit.framework */,
				13E42FB307B3F0F600E4EEF1 /* CoreData.framework */,
				29B97325FDCFA39411CA2CEA /* Foundation.framework */,
				CD0603AB1207940A00E447D5 /* WebKit.framework */,
			);
			name = "Other Frameworks";
			sourceTree = "<group>";
		};
		19C28FACFE9D520D11CA2CBB /* Products */ = {
			isa = PBXGroup;
			children = (
				8D1107320486CEB800E47090 /* Folio.app */,
			);
			name = Products;
			sourceTree = "<group>";
		};
		29B97314FDCFA39411CA2CEA /* Folio */ = {
			isa = PBXGroup;
			children = (
				CD0A2E58123140FA00A67BFB /* data */,
				CDE4491012305CAD001C69AE /* test */,
				CDE448ED12305CA2001C69AE /* src */,
				29B97315FDCFA39411CA2CEA /* Other Sources */,
				29B97317FDCFA39411CA2CEA /* Resources */,
				29B97323FDCFA39411CA2CEA /* Frameworks */,
				19C28FACFE9D520D11CA2CBB /* Products */,
			);
			name = Folio;
			sourceTree = "<group>";
		};
		29B97315FDCFA39411CA2CEA /* Other Sources */ = {
			isa = PBXGroup;
			children = (
				4DE339F60D74FCDD00ADB6EE /* rb_main.rb */,
				29B97316FDCFA39411CA2CEA /* main.m */,
			);
			name = "Other Sources";
			sourceTree = "<group>";
		};
		29B97317FDCFA39411CA2CEA /* Resources */ = {
			isa = PBXGroup;
			children = (
				CDBDC8A7122AA9DA00844EAA /* images */,
				CD83F598122B3E32005BB914 /* templates */,
				2BFA9DA510CDF852007972A1 /* MainMenu.xib */,
				8D1107310486CEB800E47090 /* Info.plist */,
				089C165CFE840E0CC02AAC07 /* InfoPlist.strings */,
			);
			name = Resources;
			sourceTree = "<group>";
		};
		29B97323FDCFA39411CA2CEA /* Frameworks */ = {
			isa = PBXGroup;
			children = (
				1058C7A0FEA54F0111CA2CBB /* Linked Frameworks */,
				1058C7A2FEA54F0111CA2CBB /* Other Frameworks */,
				CDFA75D2120909AA00830BCE /* CoreAudio.framework */,
			);
			name = Frameworks;
			sourceTree = "<group>";
		};
		CD0A2E58123140FA00A67BFB /* data */ = {
			isa = PBXGroup;
			children = (
				CD0A2E59123140FA00A67BFB /* Fight Club.epub */,
				CD0A2E5A123140FA00A67BFB /* HTML & CSS_ The Good Parts.epub */,
				CD0A2E5B123140FA00A67BFB /* The Fall of the Roman Empire_ A New History of Rome and the Barbarians.epub */,
			);
			path = data;
			sourceTree = "<group>";
		};
		CD83F598122B3E32005BB914 /* templates */ = {
			isa = PBXGroup;
			children = (
				CD1354371246E4BB006761AF /* container.xml.erb */,
				CD83F59A122B3E32005BB914 /* content.opf.erb */,
				CD83F59C122B3E32005BB914 /* toc.ncx.erb */,
			);
			path = templates;
			sourceTree = "<group>";
		};
		CDBDC8A7122AA9DA00844EAA /* images */ = {
			isa = PBXGroup;
			children = (
				CD994B0D1260B57100AAD4DE /* tab-selected-bg.png */,
				CD994B031260B42100AAD4DE /* tab-bg.png */,
				CD994AC01260A23600AAD4DE /* table-header-bg1.png */,
				CD890C53125FDF5D00FD262A /* find-close-rollover.png */,
				CD890C51125FDF2700FD262A /* find-close-click.png */,
				CD890C4D125FDE3B00FD262A /* find-close.png */,
				CD0A304C125E775500AA3EF2 /* table-header-bg.png */,
				CDE3FD08125A84C800D52C50 /* tab-close-pressed.png */,
				CDE3FD09125A84C800D52C50 /* tab-close.png */,
				CDE3FD0A125A84C800D52C50 /* tab-edited-close.png */,
				CDE3FD0B125A84C800D52C50 /* tab-edited-pressed.png */,
				CDBDC8A8122AA9DA00844EAA /* book.png */,
				CDBDC8A9122AA9DA00844EAA /* folder.png */,
				CDBDC8AA122AA9DA00844EAA /* items.png */,
				CDBDC8AB122AA9DA00844EAA /* pageDown.png */,
				CDBDC8AC122AA9DA00844EAA /* pageUp.png */,
				CDBDC8AD122AA9DA00844EAA /* window1.png */,
				CDBDC8AE122AA9DA00844EAA /* window2.png */,
			);
			path = images;
			sourceTree = "<group>";
		};
		CDE448ED12305CA2001C69AE /* src */ = {
			isa = PBXGroup;
			children = (
				CDE448EE12305CA2001C69AE /* AppController.rb */,
				CDE448EF12305CA2001C69AE /* Book.rb */,
				CDE448F012305CA2001C69AE /* BookController.rb */,
				CDADCC79124BFF3E00553FC7 /* Bundle.rb */,
				CDE448F112305CA2001C69AE /* Container.rb */,
				CD80EB7A1232BABB00CEC08F /* CSSParser.rb */,
				CDE448F212305CA2001C69AE /* Guide.rb */,
				CDBC1CAA124AA26500BED071 /* Highlighter.rb */,
				CDE448F312305CA2001C69AE /* ImageCell.rb */,
				CDE448F412305CA2001C69AE /* Item.rb */,
				CD0A30C1125E874F00AA3EF2 /* HeaderView.rb */,
				CDBCAB57125D292400833604 /* Kernel.rb */,
				CDD858A912385B6900DD7E7A /* LineNumberRuler.rb */,
				CDE448F512305CA2001C69AE /* Manifest.rb */,
				CDE448F612305CA2001C69AE /* ManifestController.rb */,
				CDA3FF29124D8296003F6341 /* Match.rb */,
				CD02D4D312496A1B007DC4B7 /* Metadata.rb */,
				CDE448F712305CA2001C69AE /* Navigation.rb */,
				CDE448F812305CA2001C69AE /* NavigationController.rb */,
				CDE448F912305CA2001C69AE /* Point.rb */,
				CDC2B27B124FF54500082962 /* ProgressController.rb */,
				CDDECB58124F9E8400604632 /* Search.rb */,
				CD98FCE4124D132100D26653 /* SearchController.rb */,
				CDE448FA12305CA2001C69AE /* Spine.rb */,
				CDE448FB12305CA2001C69AE /* SpineController.rb */,
				CDDD0E1F124991ED00189172 /* String.rb */,
				CDDE4C5E1254F3C0004A18CF /* Tab.rb */,
				CDDE4C9A1254FB69004A18CF /* TabView.rb */,
				CDE448FC12305CA2001C69AE /* TextViewController.rb */,
				CDE448FD12305CA2001C69AE /* WebViewController.rb */,
				CDE448FE12305CA2001C69AE /* WindowController.rb */,
				CD02D4BF124952C8007DC4B7 /* UUID.rb */,
			);
			path = src;
			sourceTree = "<group>";
		};
		CDE4491012305CAD001C69AE /* test */ = {
			isa = PBXGroup;
			children = (
				CDE4491112305CAD001C69AE /* book_test.rb */,
				CDE4491212305CAD001C69AE /* run_suite.rb */,
			);
			path = test;
			sourceTree = "<group>";
		};
/* End PBXGroup section */

/* Begin PBXNativeTarget section */
		8D1107260486CEB800E47090 /* Folio */ = {
			isa = PBXNativeTarget;
			buildConfigurationList = C01FCF4A08A954540054247B /* Build configuration list for PBXNativeTarget "Folio" */;
			buildPhases = (
				8D1107290486CEB800E47090 /* Resources */,
				8D11072C0486CEB800E47090 /* Sources */,
				8D11072E0486CEB800E47090 /* Frameworks */,
				172754B4107597CF00D0347B /* CopyFiles */,
			);
			buildRules = (
			);
			dependencies = (
			);
			name = Folio;
			productInstallPath = "$(HOME)/Applications";
			productName = Folio;
			productReference = 8D1107320486CEB800E47090 /* Folio.app */;
			productType = "com.apple.product-type.application";
		};
/* End PBXNativeTarget section */

/* Begin PBXProject section */
		29B97313FDCFA39411CA2CEA /* Project object */ = {
			isa = PBXProject;
			buildConfigurationList = C01FCF4E08A954540054247B /* Build configuration list for PBXProject "Folio" */;
			compatibilityVersion = "Xcode 3.0";
			developmentRegion = English;
			hasScannedForEncodings = 1;
			knownRegions = (
				English,
				Japanese,
				French,
				German,
			);
			mainGroup = 29B97314FDCFA39411CA2CEA /* Folio */;
			projectDirPath = "";
			projectRoot = "";
			targets = (
				8D1107260486CEB800E47090 /* Folio */,
				172754BD107597F200D0347B /* Unit Tests */,
				4D1A51A110A4FF5D0046A98A /* Compile */,
				4D1A51A510A4FF640046A98A /* Embed */,
			);
		};
/* End PBXProject section */

/* Begin PBXResourcesBuildPhase section */
		8D1107290486CEB800E47090 /* Resources */ = {
			isa = PBXResourcesBuildPhase;
			buildActionMask = 2147483647;
			files = (
				8D11072B0486CEB800E47090 /* InfoPlist.strings in Resources */,
				4DE339F70D74FCDD00ADB6EE /* rb_main.rb in Resources */,
				2BFA9DA710CDF852007972A1 /* MainMenu.xib in Resources */,
				CDBDC8AF122AA9DA00844EAA /* book.png in Resources */,
				CDBDC8B0122AA9DA00844EAA /* folder.png in Resources */,
				CDBDC8B1122AA9DA00844EAA /* items.png in Resources */,
				CDBDC8B2122AA9DA00844EAA /* pageDown.png in Resources */,
				CDBDC8B3122AA9DA00844EAA /* pageUp.png in Resources */,
				CDBDC8B4122AA9DA00844EAA /* window1.png in Resources */,
				CDBDC8B5122AA9DA00844EAA /* window2.png in Resources */,
				CD83F59E122B3E32005BB914 /* content.opf.erb in Resources */,
				CD83F5A0122B3E32005BB914 /* toc.ncx.erb in Resources */,
				CDE448FF12305CA2001C69AE /* AppController.rb in Resources */,
				CDE4490012305CA2001C69AE /* Book.rb in Resources */,
				CDE4490112305CA2001C69AE /* BookController.rb in Resources */,
				CDE4490212305CA2001C69AE /* Container.rb in Resources */,
				CDE4490312305CA2001C69AE /* Guide.rb in Resources */,
				CDE4490412305CA2001C69AE /* ImageCell.rb in Resources */,
				CDE4490512305CA2001C69AE /* Item.rb in Resources */,
				CDE4490612305CA2001C69AE /* Manifest.rb in Resources */,
				CDE4490712305CA2001C69AE /* ManifestController.rb in Resources */,
				CDE4490812305CA2001C69AE /* Navigation.rb in Resources */,
				CDE4490912305CA2001C69AE /* NavigationController.rb in Resources */,
				CDE4490A12305CA2001C69AE /* Point.rb in Resources */,
				CDE4490B12305CA2001C69AE /* Spine.rb in Resources */,
				CDE4490C12305CA2001C69AE /* SpineController.rb in Resources */,
				CDE4490D12305CA2001C69AE /* TextViewController.rb in Resources */,
				CDE4490E12305CA2001C69AE /* WebViewController.rb in Resources */,
				CDE4490F12305CA2001C69AE /* WindowController.rb in Resources */,
				CDE4491312305CAD001C69AE /* book_test.rb in Resources */,
				CDE4491412305CAD001C69AE /* run_suite.rb in Resources */,
				CD0A2E5C123140FA00A67BFB /* Fight Club.epub in Resources */,
				CD0A2E5D123140FA00A67BFB /* HTML & CSS_ The Good Parts.epub in Resources */,
				CD0A2E5E123140FA00A67BFB /* The Fall of the Roman Empire_ A New History of Rome and the Barbarians.epub in Resources */,
				CD80EB7B1232BABB00CEC08F /* CSSParser.rb in Resources */,
				CDD858AA12385B6900DD7E7A /* LineNumberRuler.rb in Resources */,
				CD1354381246E4BB006761AF /* container.xml.erb in Resources */,
				CD02D4C0124952C8007DC4B7 /* UUID.rb in Resources */,
				CD02D4D412496A1B007DC4B7 /* Metadata.rb in Resources */,
				CDDD0E20124991ED00189172 /* String.rb in Resources */,
				CDBC1CAB124AA26500BED071 /* Highlighter.rb in Resources */,
				CDADCC7A124BFF3E00553FC7 /* Bundle.rb in Resources */,
				CD98FCE5124D132100D26653 /* SearchController.rb in Resources */,
				CDA3FF2A124D8296003F6341 /* Match.rb in Resources */,
				CDDECB59124F9E8400604632 /* Search.rb in Resources */,
				CDC2B27C124FF54500082962 /* ProgressController.rb in Resources */,
				CDDE4C5F1254F3C0004A18CF /* Tab.rb in Resources */,
				CDDE4C9B1254FB69004A18CF /* TabView.rb in Resources */,
				CDE3FD0C125A84C800D52C50 /* tab-close-pressed.png in Resources */,
				CDE3FD0D125A84C800D52C50 /* tab-close.png in Resources */,
				CDE3FD0E125A84C800D52C50 /* tab-edited-close.png in Resources */,
				CDE3FD0F125A84C800D52C50 /* tab-edited-pressed.png in Resources */,
				CDBCAB58125D292400833604 /* Kernel.rb in Resources */,
				CD0A304D125E775500AA3EF2 /* table-header-bg.png in Resources */,
				CD0A30C2125E874F00AA3EF2 /* HeaderView.rb in Resources */,
				CD890C4E125FDE3B00FD262A /* find-close.png in Resources */,
				CD890C52125FDF2700FD262A /* find-close-click.png in Resources */,
				CD890C54125FDF5D00FD262A /* find-close-rollover.png in Resources */,
				CD994AC11260A23600AAD4DE /* table-header-bg1.png in Resources */,
				CD994B041260B42100AAD4DE /* tab-bg.png in Resources */,
				CD994B0E1260B57100AAD4DE /* tab-selected-bg.png in Resources */,
			);
			runOnlyForDeploymentPostprocessing = 0;
		};
/* End PBXResourcesBuildPhase section */

/* Begin PBXShellScriptBuildPhase section */
		172754BC107597F200D0347B /* ShellScript */ = {
			isa = PBXShellScriptBuildPhase;
			buildActionMask = 2147483647;
			files = (
			);
			inputPaths = (
			);
			outputPaths = (
			);
			runOnlyForDeploymentPostprocessing = 0;
			shellPath = /bin/sh;
			shellScript = "/usr/local/bin/macruby Tests/run_suite.rb";
		};
		4D1A51A010A4FF5D0046A98A /* ShellScript */ = {
			isa = PBXShellScriptBuildPhase;
			buildActionMask = 2147483647;
			files = (
			);
			inputPaths = (
			);
			outputPaths = (
			);
			runOnlyForDeploymentPostprocessing = 0;
			shellPath = /bin/sh;
			shellScript = "# The macruby_deploy command-line tool with the --compile argument will compile every Ruby source file of your .app into machine code. Default options will be used. Pass the -h option to get more information.\nPATH=\"$PATH:/usr/local/bin\" macruby_deploy --compile \"$TARGET_BUILD_DIR/$PROJECT_NAME.app\"";
		};
		4D1A51A410A4FF640046A98A /* ShellScript */ = {
			isa = PBXShellScriptBuildPhase;
			buildActionMask = 2147483647;
			files = (
			);
			inputPaths = (
			);
			outputPaths = (
			);
			runOnlyForDeploymentPostprocessing = 0;
			shellPath = /bin/sh;
			shellScript = "# The macruby_deploy command-line tool with the --embed argument will make sure the MacRuby framework will be embedded in your .app. Default options will be used. Pass the -h option to get more information.\nPATH=\"$PATH:/usr/local/bin\" macruby_deploy --embed \"$TARGET_BUILD_DIR/$PROJECT_NAME.app\"";
		};
/* End PBXShellScriptBuildPhase section */

/* Begin PBXSourcesBuildPhase section */
		8D11072C0486CEB800E47090 /* Sources */ = {
			isa = PBXSourcesBuildPhase;
			buildActionMask = 2147483647;
			files = (
				8D11072D0486CEB800E47090 /* main.m in Sources */,
			);
			runOnlyForDeploymentPostprocessing = 0;
		};
/* End PBXSourcesBuildPhase section */

/* Begin PBXVariantGroup section */
		089C165CFE840E0CC02AAC07 /* InfoPlist.strings */ = {
			isa = PBXVariantGroup;
			children = (
				089C165DFE840E0CC02AAC07 /* English */,
			);
			name = InfoPlist.strings;
			sourceTree = "<group>";
		};
		2BFA9DA510CDF852007972A1 /* MainMenu.xib */ = {
			isa = PBXVariantGroup;
			children = (
				2BFA9DA610CDF852007972A1 /* English */,
			);
			name = MainMenu.xib;
			sourceTree = "<group>";
		};
/* End PBXVariantGroup section */

/* Begin XCBuildConfiguration section */
		172754BE107597F200D0347B /* Debug */ = {
			isa = XCBuildConfiguration;
			buildSettings = {
				COPY_PHASE_STRIP = NO;
				GCC_DYNAMIC_NO_PIC = NO;
				GCC_OPTIMIZATION_LEVEL = 0;
				PRODUCT_NAME = "Unit Tests";
			};
			name = Debug;
		};
		172754BF107597F200D0347B /* Release */ = {
			isa = XCBuildConfiguration;
			buildSettings = {
				COPY_PHASE_STRIP = YES;
				DEBUG_INFORMATION_FORMAT = "dwarf-with-dsym";
				GCC_ENABLE_FIX_AND_CONTINUE = NO;
				PRODUCT_NAME = "Unit Tests";
				ZERO_LINK = NO;
			};
			name = Release;
		};
		4D1A51A210A4FF5D0046A98A /* Debug */ = {
			isa = XCBuildConfiguration;
			buildSettings = {
				COPY_PHASE_STRIP = NO;
				GCC_DYNAMIC_NO_PIC = NO;
				GCC_OPTIMIZATION_LEVEL = 0;
				PRODUCT_NAME = Compile;
			};
			name = Debug;
		};
		4D1A51A310A4FF5D0046A98A /* Release */ = {
			isa = XCBuildConfiguration;
			buildSettings = {
				COPY_PHASE_STRIP = YES;
				DEBUG_INFORMATION_FORMAT = "dwarf-with-dsym";
				GCC_ENABLE_FIX_AND_CONTINUE = NO;
				PRODUCT_NAME = Compile;
				ZERO_LINK = NO;
			};
			name = Release;
		};
		4D1A51A610A4FF640046A98A /* Debug */ = {
			isa = XCBuildConfiguration;
			buildSettings = {
				COPY_PHASE_STRIP = NO;
				GCC_DYNAMIC_NO_PIC = NO;
				GCC_OPTIMIZATION_LEVEL = 0;
				PRODUCT_NAME = Embed;
			};
			name = Debug;
		};
		4D1A51A710A4FF640046A98A /* Release */ = {
			isa = XCBuildConfiguration;
			buildSettings = {
				COPY_PHASE_STRIP = YES;
				DEBUG_INFORMATION_FORMAT = "dwarf-with-dsym";
				GCC_ENABLE_FIX_AND_CONTINUE = NO;
				PRODUCT_NAME = Embed;
				ZERO_LINK = NO;
			};
			name = Release;
		};
		C01FCF4B08A954540054247B /* Debug */ = {
			isa = XCBuildConfiguration;
			buildSettings = {
				COPY_PHASE_STRIP = NO;
				FRAMEWORK_SEARCH_PATHS = (
					"$(inherited)",
					"\"$(SRCROOT)/build/Debug\"",
				);
				GCC_DYNAMIC_NO_PIC = NO;
				GCC_ENABLE_FIX_AND_CONTINUE = YES;
				GCC_MODEL_TUNING = G5;
				GCC_OPTIMIZATION_LEVEL = 0;
				GCC_PRECOMPILE_PREFIX_HEADER = YES;
				INFOPLIST_FILE = Info.plist;
				INSTALL_PATH = "$(HOME)/Applications";
				PRODUCT_NAME = Folio;
				WRAPPER_EXTENSION = app;
				ZERO_LINK = YES;
			};
			name = Debug;
		};
		C01FCF4C08A954540054247B /* Release */ = {
			isa = XCBuildConfiguration;
			buildSettings = {
				DEBUG_INFORMATION_FORMAT = "dwarf-with-dsym";
				FRAMEWORK_SEARCH_PATHS = (
					"$(inherited)",
					"\"$(SRCROOT)/build/Debug\"",
				);
				GCC_MODEL_TUNING = G5;
				GCC_PRECOMPILE_PREFIX_HEADER = YES;
				INFOPLIST_FILE = Info.plist;
				INSTALL_PATH = "$(HOME)/Applications";
				PRODUCT_NAME = Folio;
				WRAPPER_EXTENSION = app;
			};
			name = Release;
		};
		C01FCF4F08A954540054247B /* Debug */ = {
			isa = XCBuildConfiguration;
			buildSettings = {
				ARCHS = "$(NATIVE_ARCH_ACTUAL)";
				GCC_ENABLE_OBJC_GC = required;
				GCC_WARN_ABOUT_RETURN_TYPE = YES;
				GCC_WARN_UNUSED_VARIABLE = YES;
				PREBINDING = NO;
				SDKROOT = "$(DEVELOPER_SDK_DIR)/MacOSX10.5.sdk";
			};
			name = Debug;
		};
		C01FCF5008A954540054247B /* Release */ = {
			isa = XCBuildConfiguration;
			buildSettings = {
				ARCHS = "$(NATIVE_ARCH_ACTUAL)";
				GCC_ENABLE_OBJC_GC = required;
				GCC_WARN_ABOUT_RETURN_TYPE = YES;
				GCC_WARN_UNUSED_VARIABLE = YES;
				PREBINDING = NO;
				SDKROOT = "$(DEVELOPER_SDK_DIR)/MacOSX10.5.sdk";
			};
			name = Release;
		};
/* End XCBuildConfiguration section */

/* Begin XCConfigurationList section */
		172754C7107597F400D0347B /* Build configuration list for PBXAggregateTarget "Unit Tests" */ = {
			isa = XCConfigurationList;
			buildConfigurations = (
				172754BE107597F200D0347B /* Debug */,
				172754BF107597F200D0347B /* Release */,
			);
			defaultConfigurationIsVisible = 0;
			defaultConfigurationName = Release;
		};
		4D1A51AB10A4FF6A0046A98A /* Build configuration list for PBXAggregateTarget "Compile" */ = {
			isa = XCConfigurationList;
			buildConfigurations = (
				4D1A51A210A4FF5D0046A98A /* Debug */,
				4D1A51A310A4FF5D0046A98A /* Release */,
			);
			defaultConfigurationIsVisible = 0;
			defaultConfigurationName = Release;
		};
		4D1A51AC10A4FF6A0046A98A /* Build configuration list for PBXAggregateTarget "Embed" */ = {
			isa = XCConfigurationList;
			buildConfigurations = (
				4D1A51A610A4FF640046A98A /* Debug */,
				4D1A51A710A4FF640046A98A /* Release */,
			);
			defaultConfigurationIsVisible = 0;
			defaultConfigurationName = Release;
		};
		C01FCF4A08A954540054247B /* Build configuration list for PBXNativeTarget "Folio" */ = {
			isa = XCConfigurationList;
			buildConfigurations = (
				C01FCF4B08A954540054247B /* Debug */,
				C01FCF4C08A954540054247B /* Release */,
			);
			defaultConfigurationIsVisible = 0;
			defaultConfigurationName = Release;
		};
		C01FCF4E08A954540054247B /* Build configuration list for PBXProject "Folio" */ = {
			isa = XCConfigurationList;
			buildConfigurations = (
				C01FCF4F08A954540054247B /* Debug */,
				C01FCF5008A954540054247B /* Release */,
			);
			defaultConfigurationIsVisible = 0;
			defaultConfigurationName = Release;
		};
/* End XCConfigurationList section */
	};
	rootObject = 29B97313FDCFA39411CA2CEA /* Project object */;
}
